// !$*UTF8*$!
{
	archiveVersion = 1;
	classes = {
	};
	objectVersion = 46;
	objects = {

/* Begin PBXBuildFile section */
		6D5B71281923AC340061CEA6 /* HTWMensaXMLParser.m in Sources */ = {isa = PBXBuildFile; fileRef = 6D5B71271923AC340061CEA6 /* HTWMensaXMLParser.m */; };
		6D753A491917A8C300C6BAA1 /* altemensa.jpg in Resources */ = {isa = PBXBuildFile; fileRef = 6D753A371917A8C300C6BAA1 /* altemensa.jpg */; };
		6D753A4A1917A8C300C6BAA1 /* biomensa-uboot.jpg in Resources */ = {isa = PBXBuildFile; fileRef = 6D753A381917A8C300C6BAA1 /* biomensa-uboot.jpg */; };
		6D753A4B1917A8C300C6BAA1 /* goerlitz.jpg in Resources */ = {isa = PBXBuildFile; fileRef = 6D753A391917A8C300C6BAA1 /* goerlitz.jpg */; };
		6D753A4C1917A8C300C6BAA1 /* johannstadt.jpg in Resources */ = {isa = PBXBuildFile; fileRef = 6D753A3A1917A8C300C6BAA1 /* johannstadt.jpg */; };
		6D753A4D1917A8C300C6BAA1 /* mensa-bruehl.jpg in Resources */ = {isa = PBXBuildFile; fileRef = 6D753A3B1917A8C300C6BAA1 /* mensa-bruehl.jpg */; };
		6D753A4E1917A8C300C6BAA1 /* mensa-kreuzgymnasium.jpg in Resources */ = {isa = PBXBuildFile; fileRef = 6D753A3C1917A8C300C6BAA1 /* mensa-kreuzgymnasium.jpg */; };
		6D753A4F1917A8C300C6BAA1 /* mensa-siedepunkt.jpg in Resources */ = {isa = PBXBuildFile; fileRef = 6D753A3D1917A8C300C6BAA1 /* mensa-siedepunkt.jpg */; };
		6D753A501917A8C300C6BAA1 /* mensa-wueins.jpg in Resources */ = {isa = PBXBuildFile; fileRef = 6D753A3E1917A8C300C6BAA1 /* mensa-wueins.jpg */; };
		6D753A511917A8C300C6BAA1 /* mensasport.jpg in Resources */ = {isa = PBXBuildFile; fileRef = 6D753A3F1917A8C300C6BAA1 /* mensasport.jpg */; };
		6D753A521917A8C300C6BAA1 /* mensologie.jpg in Resources */ = {isa = PBXBuildFile; fileRef = 6D753A401917A8C300C6BAA1 /* mensologie.jpg */; };
		6D753A531917A8C300C6BAA1 /* neuemensa.jpg in Resources */ = {isa = PBXBuildFile; fileRef = 6D753A411917A8C300C6BAA1 /* neuemensa.jpg */; };
		6D753A541917A8C300C6BAA1 /* noavailablemensaimage.jpg in Resources */ = {isa = PBXBuildFile; fileRef = 6D753A421917A8C300C6BAA1 /* noavailablemensaimage.jpg */; };
		6D753A551917A8C300C6BAA1 /* palucca.jpg in Resources */ = {isa = PBXBuildFile; fileRef = 6D753A431917A8C300C6BAA1 /* palucca.jpg */; };
		6D753A561917A8C300C6BAA1 /* pillnitz.jpg in Resources */ = {isa = PBXBuildFile; fileRef = 6D753A441917A8C300C6BAA1 /* pillnitz.jpg */; };
		6D753A571917A8C300C6BAA1 /* reichenbachstrasse.jpg in Resources */ = {isa = PBXBuildFile; fileRef = 6D753A451917A8C300C6BAA1 /* reichenbachstrasse.jpg */; };
		6D753A581917A8C300C6BAA1 /* stimmgabel.jpg in Resources */ = {isa = PBXBuildFile; fileRef = 6D753A461917A8C300C6BAA1 /* stimmgabel.jpg */; };
		6D753A591917A8C300C6BAA1 /* tellerrandt.jpg in Resources */ = {isa = PBXBuildFile; fileRef = 6D753A471917A8C300C6BAA1 /* tellerrandt.jpg */; };
		6D753A5A1917A8C300C6BAA1 /* uboot.jpg in Resources */ = {isa = PBXBuildFile; fileRef = 6D753A481917A8C300C6BAA1 /* uboot.jpg */; };
		6D753A5D1917BBED00C6BAA1 /* UIColor+HTW.m in Sources */ = {isa = PBXBuildFile; fileRef = 6D753A5C1917BBED00C6BAA1 /* UIColor+HTW.m */; };
		6D753A611917C54B00C6BAA1 /* HTWMensaSpeiseTableViewCell.m in Sources */ = {isa = PBXBuildFile; fileRef = 6D753A601917C54B00C6BAA1 /* HTWMensaSpeiseTableViewCell.m */; };
		6D753A641917C9A600C6BAA1 /* mensen.json in Resources */ = {isa = PBXBuildFile; fileRef = 6D753A631917C9A600C6BAA1 /* mensen.json */; };
		6D753A6D1917C9B500C6BAA1 /* OFL.txt in Resources */ = {isa = PBXBuildFile; fileRef = 6D753A681917C9B500C6BAA1 /* OFL.txt */; };
		6D753A6E1917C9B500C6BAA1 /* PT_Sans-Web-Bold.ttf in Resources */ = {isa = PBXBuildFile; fileRef = 6D753A691917C9B500C6BAA1 /* PT_Sans-Web-Bold.ttf */; };
		6D753A6F1917C9B500C6BAA1 /* PT_Sans-Web-BoldItalic.ttf in Resources */ = {isa = PBXBuildFile; fileRef = 6D753A6A1917C9B500C6BAA1 /* PT_Sans-Web-BoldItalic.ttf */; };
		6D753A701917C9B500C6BAA1 /* PT_Sans-Web-Italic.ttf in Resources */ = {isa = PBXBuildFile; fileRef = 6D753A6B1917C9B500C6BAA1 /* PT_Sans-Web-Italic.ttf */; };
		6D753A711917C9B500C6BAA1 /* PT_Sans-Web-Regular.ttf in Resources */ = {isa = PBXBuildFile; fileRef = 6D753A6C1917C9B500C6BAA1 /* PT_Sans-Web-Regular.ttf */; };
		6D753A741917CC1100C6BAA1 /* UIFont+HTW.m in Sources */ = {isa = PBXBuildFile; fileRef = 6D753A731917CC1100C6BAA1 /* UIFont+HTW.m */; };
		6D753A761917F1D000C6BAA1 /* zittau.jpg in Resources */ = {isa = PBXBuildFile; fileRef = 6D753A751917F1D000C6BAA1 /* zittau.jpg */; };
		6D753A781917F20800C6BAA1 /* hausvii.jpg in Resources */ = {isa = PBXBuildFile; fileRef = 6D753A771917F20800C6BAA1 /* hausvii.jpg */; };
		6D7B451C1908150F00D99C9D /* main.storyboard in Resources */ = {isa = PBXBuildFile; fileRef = 6D7B451B1908150F00D99C9D /* main.storyboard */; };
		6D94E9DA191524B300872FC8 /* notenDetailViewController.m in Sources */ = {isa = PBXBuildFile; fileRef = 6D94E9D5191524B300872FC8 /* notenDetailViewController.m */; };
		6D94E9DB191524B300872FC8 /* notenStartseiteHTMLParser.m in Sources */ = {isa = PBXBuildFile; fileRef = 6D94E9D7191524B300872FC8 /* notenStartseiteHTMLParser.m */; };
		6D94E9DC191524B300872FC8 /* notenViewController.m in Sources */ = {isa = PBXBuildFile; fileRef = 6D94E9D9191524B300872FC8 /* notenViewController.m */; };
		6D94EA3519152FDB00872FC8 /* CDataChunk.m in Sources */ = {isa = PBXBuildFile; fileRef = 6D94EA1419152FDB00872FC8 /* CDataChunk.m */; settings = {COMPILER_FLAGS = "-fno-objc-arc"; }; };
		6D94EA3619152FDB00872FC8 /* Chunk.m in Sources */ = {isa = PBXBuildFile; fileRef = 6D94EA1619152FDB00872FC8 /* Chunk.m */; settings = {COMPILER_FLAGS = "-fno-objc-arc"; }; };
		6D94EA3719152FDB00872FC8 /* CommentChunk.m in Sources */ = {isa = PBXBuildFile; fileRef = 6D94EA1819152FDB00872FC8 /* CommentChunk.m */; settings = {COMPILER_FLAGS = "-fno-objc-arc"; }; };
		6D94EA3819152FDB00872FC8 /* CSSPartMatcher.m in Sources */ = {isa = PBXBuildFile; fileRef = 6D94EA1A19152FDB00872FC8 /* CSSPartMatcher.m */; settings = {COMPILER_FLAGS = "-fno-objc-arc"; }; };
		6D94EA3919152FDB00872FC8 /* CSSSelector.m in Sources */ = {isa = PBXBuildFile; fileRef = 6D94EA1C19152FDB00872FC8 /* CSSSelector.m */; settings = {COMPILER_FLAGS = "-fno-objc-arc"; }; };
		6D94EA3A19152FDB00872FC8 /* CSSSelectorMatcher.m in Sources */ = {isa = PBXBuildFile; fileRef = 6D94EA1E19152FDB00872FC8 /* CSSSelectorMatcher.m */; settings = {COMPILER_FLAGS = "-fno-objc-arc"; }; };
		6D94EA3B19152FDB00872FC8 /* CSSSelectorPart.m in Sources */ = {isa = PBXBuildFile; fileRef = 6D94EA2019152FDB00872FC8 /* CSSSelectorPart.m */; settings = {COMPILER_FLAGS = "-fno-objc-arc"; }; };
		6D94EA3C19152FDB00872FC8 /* DoctypeChunk.m in Sources */ = {isa = PBXBuildFile; fileRef = 6D94EA2219152FDB00872FC8 /* DoctypeChunk.m */; settings = {COMPILER_FLAGS = "-fno-objc-arc"; }; };
		6D94EA3D19152FDB00872FC8 /* DocumentRoot.m in Sources */ = {isa = PBXBuildFile; fileRef = 6D94EA2419152FDB00872FC8 /* DocumentRoot.m */; settings = {COMPILER_FLAGS = "-fno-objc-arc"; }; };
		6D94EA3E19152FDB00872FC8 /* Element.m in Sources */ = {isa = PBXBuildFile; fileRef = 6D94EA2619152FDB00872FC8 /* Element.m */; settings = {COMPILER_FLAGS = "-fno-objc-arc"; }; };
		6D94EA3F19152FDB00872FC8 /* ElementParser.m in Sources */ = {isa = PBXBuildFile; fileRef = 6D94EA2819152FDB00872FC8 /* ElementParser.m */; settings = {COMPILER_FLAGS = "-fno-objc-arc"; }; };
		6D94EA4019152FDB00872FC8 /* EntityChunk.m in Sources */ = {isa = PBXBuildFile; fileRef = 6D94EA2A19152FDB00872FC8 /* EntityChunk.m */; settings = {COMPILER_FLAGS = "-fno-objc-arc"; }; };
		6D94EA4119152FDB00872FC8 /* NSString_HTML.m in Sources */ = {isa = PBXBuildFile; fileRef = 6D94EA2C19152FDB00872FC8 /* NSString_HTML.m */; settings = {COMPILER_FLAGS = "-fno-objc-arc"; }; };
		6D94EA4219152FDB00872FC8 /* ProcessingInstructionChunk.m in Sources */ = {isa = PBXBuildFile; fileRef = 6D94EA2E19152FDB00872FC8 /* ProcessingInstructionChunk.m */; settings = {COMPILER_FLAGS = "-fno-objc-arc"; }; };
		6D94EA4319152FDB00872FC8 /* TagChunk.m in Sources */ = {isa = PBXBuildFile; fileRef = 6D94EA3019152FDB00872FC8 /* TagChunk.m */; settings = {COMPILER_FLAGS = "-fno-objc-arc"; }; };
		6D94EA4419152FDB00872FC8 /* TxtChunk.m in Sources */ = {isa = PBXBuildFile; fileRef = 6D94EA3219152FDB00872FC8 /* TxtChunk.m */; settings = {COMPILER_FLAGS = "-fno-objc-arc"; }; };
		6D94EA4519152FDB00872FC8 /* URLParser.m in Sources */ = {isa = PBXBuildFile; fileRef = 6D94EA3419152FDB00872FC8 /* URLParser.m */; settings = {COMPILER_FLAGS = "-fno-objc-arc"; }; };
		6D94EA4D1915377E00872FC8 /* MensaDetailViewController.m in Sources */ = {isa = PBXBuildFile; fileRef = 6D94EA481915377E00872FC8 /* MensaDetailViewController.m */; };
		6D94EA4E1915377E00872FC8 /* mensaViewController.m in Sources */ = {isa = PBXBuildFile; fileRef = 6D94EA4A1915377E00872FC8 /* mensaViewController.m */; };
		6D94EA53191537BA00872FC8 /* UIImage+Resize.m in Sources */ = {isa = PBXBuildFile; fileRef = 6D94EA52191537BA00872FC8 /* UIImage+Resize.m */; };
		6D94EA58191538E600872FC8 /* UIImage+Alpha.m in Sources */ = {isa = PBXBuildFile; fileRef = 6D94EA55191538E600872FC8 /* UIImage+Alpha.m */; };
		6D94EA59191538E600872FC8 /* UIImage+RoundedCorner.m in Sources */ = {isa = PBXBuildFile; fileRef = 6D94EA57191538E600872FC8 /* UIImage+RoundedCorner.m */; };
		E60BD349192173CA0018E3C2 /* HTWDozentEingebenTableViewController.m in Sources */ = {isa = PBXBuildFile; fileRef = E60BD348192173CA0018E3C2 /* HTWDozentEingebenTableViewController.m */; };
		E61B6A2C1923B7BE0050EB10 /* Images.xcassets in Resources */ = {isa = PBXBuildFile; fileRef = E61B6A2B1923B7BE0050EB10 /* Images.xcassets */; };
		E61C34BD19198BE500EBEBDD /* HTWStundenplanAddTableViewController.m in Sources */ = {isa = PBXBuildFile; fileRef = E61C34BC19198BE500EBEBDD /* HTWStundenplanAddTableViewController.m */; };
		E61C4C7519193AA400560C91 /* HTWStundenplanEditDetailTableViewController.m in Sources */ = {isa = PBXBuildFile; fileRef = E61C4C7419193AA400560C91 /* HTWStundenplanEditDetailTableViewController.m */; };
		E61D87F119082ED30033D543 /* HTWcampus.xcdatamodeld in Sources */ = {isa = PBXBuildFile; fileRef = E61D87EB19082ED30033D543 /* HTWcampus.xcdatamodeld */; };
		E61D87FF19082F2B0033D543 /* HTWStundenplanParser.m in Sources */ = {isa = PBXBuildFile; fileRef = E61D87FD19082F2B0033D543 /* HTWStundenplanParser.m */; };
		E61D8811190857F90033D543 /* HTWPortraitViewController.m in Sources */ = {isa = PBXBuildFile; fileRef = E61D8810190857F90033D543 /* HTWPortraitViewController.m */; };
		E61D88141908583C0033D543 /* HTWStundenplanButtonForLesson.m in Sources */ = {isa = PBXBuildFile; fileRef = E61D88131908583C0033D543 /* HTWStundenplanButtonForLesson.m */; };
		E61D8820190859180033D543 /* HTWLandscapeViewController.m in Sources */ = {isa = PBXBuildFile; fileRef = E61D881E190859180033D543 /* HTWLandscapeViewController.m */; };
		E61D883319085B4C0033D543 /* HTWDatePickViewController.m in Sources */ = {isa = PBXBuildFile; fileRef = E61D882619085B4C0033D543 /* HTWDatePickViewController.m */; };
		E61D883419085B4C0033D543 /* HTWMatrikelnummernTableViewController.m in Sources */ = {isa = PBXBuildFile; fileRef = E61D882819085B4C0033D543 /* HTWMatrikelnummernTableViewController.m */; };
		E61D883619085B4C0033D543 /* HTWStundenplanSettingsUebersichtTableViewCell.m in Sources */ = {isa = PBXBuildFile; fileRef = E61D882C19085B4C0033D543 /* HTWStundenplanSettingsUebersichtTableViewCell.m */; };
		E61D883719085B4C0033D543 /* HTWStundenplanSettingsUebersichtTableViewController.m in Sources */ = {isa = PBXBuildFile; fileRef = E61D882E19085B4C0033D543 /* HTWStundenplanSettingsUebersichtTableViewController.m */; };
		E61D883919085B4C0033D543 /* HTWSwitchInStundenplanSettingsUebersichtTableViewCell.m in Sources */ = {isa = PBXBuildFile; fileRef = E61D883219085B4C0033D543 /* HTWSwitchInStundenplanSettingsUebersichtTableViewCell.m */; };
		E61D887F1908705E0033D543 /* landscapeSegue.m in Sources */ = {isa = PBXBuildFile; fileRef = E61D887E1908705E0033D543 /* landscapeSegue.m */; };
		E62C484B191422DE00788651 /* HTWCSVConnection.m in Sources */ = {isa = PBXBuildFile; fileRef = E62C4848191422DE00788651 /* HTWCSVConnection.m */; };
		E62C484C191422DE00788651 /* HTWCSVParser.m in Sources */ = {isa = PBXBuildFile; fileRef = E62C484A191422DE00788651 /* HTWCSVParser.m */; };
		E63772C71908146300DEE8AB /* Foundation.framework in Frameworks */ = {isa = PBXBuildFile; fileRef = E63772C61908146300DEE8AB /* Foundation.framework */; };
		E63772C91908146300DEE8AB /* CoreGraphics.framework in Frameworks */ = {isa = PBXBuildFile; fileRef = E63772C81908146300DEE8AB /* CoreGraphics.framework */; };
		E63772CB1908146300DEE8AB /* UIKit.framework in Frameworks */ = {isa = PBXBuildFile; fileRef = E63772CA1908146300DEE8AB /* UIKit.framework */; };
		E63772CD1908146300DEE8AB /* CoreData.framework in Frameworks */ = {isa = PBXBuildFile; fileRef = E63772CC1908146300DEE8AB /* CoreData.framework */; };
		E63772D31908146300DEE8AB /* InfoPlist.strings in Resources */ = {isa = PBXBuildFile; fileRef = E63772D11908146300DEE8AB /* InfoPlist.strings */; };
		E63772D51908146300DEE8AB /* main.m in Sources */ = {isa = PBXBuildFile; fileRef = E63772D41908146300DEE8AB /* main.m */; };
		E63772D91908146300DEE8AB /* HTWAppDelegate.m in Sources */ = {isa = PBXBuildFile; fileRef = E63772D81908146300DEE8AB /* HTWAppDelegate.m */; };
		E63772E51908146300DEE8AB /* XCTest.framework in Frameworks */ = {isa = PBXBuildFile; fileRef = E63772E41908146300DEE8AB /* XCTest.framework */; };
		E63772E61908146300DEE8AB /* Foundation.framework in Frameworks */ = {isa = PBXBuildFile; fileRef = E63772C61908146300DEE8AB /* Foundation.framework */; };
		E63772E71908146300DEE8AB /* UIKit.framework in Frameworks */ = {isa = PBXBuildFile; fileRef = E63772CA1908146300DEE8AB /* UIKit.framework */; };
		E63772E81908146300DEE8AB /* CoreData.framework in Frameworks */ = {isa = PBXBuildFile; fileRef = E63772CC1908146300DEE8AB /* CoreData.framework */; };
		E63772F01908146300DEE8AB /* InfoPlist.strings in Resources */ = {isa = PBXBuildFile; fileRef = E63772EE1908146300DEE8AB /* InfoPlist.strings */; };
		E63772F21908146300DEE8AB /* HTWcampusTests.m in Sources */ = {isa = PBXBuildFile; fileRef = E63772F11908146300DEE8AB /* HTWcampusTests.m */; };
		E6379C71190D3F34002AE150 /* HTWRaumParser.m in Sources */ = {isa = PBXBuildFile; fileRef = E6379C6E190D3F34002AE150 /* HTWRaumParser.m */; };
		E6379C72190D3F34002AE150 /* HTWTabParser.m in Sources */ = {isa = PBXBuildFile; fileRef = E6379C70190D3F34002AE150 /* HTWTabParser.m */; };
		E6379C75190D3FD1002AE150 /* HTWTestViewController.m in Sources */ = {isa = PBXBuildFile; fileRef = E6379C74190D3FD1002AE150 /* HTWTestViewController.m */; };
		E65737AB19222AE600916A1A /* alleRaeume.txt in Resources */ = {isa = PBXBuildFile; fileRef = E65737A819222AE600916A1A /* alleRaeume.txt */; };
		E65737AC19222AE600916A1A /* HTWAlleRaeumeTableViewController.m in Sources */ = {isa = PBXBuildFile; fileRef = E65737AA19222AE600916A1A /* HTWAlleRaeumeTableViewController.m */; };
		E6642B1A191D0B260003FF5A /* HTWMensaDetailParser.m in Sources */ = {isa = PBXBuildFile; fileRef = E6642B19191D0B260003FF5A /* HTWMensaDetailParser.m */; };
		E6642B1D191D0B8F0003FF5A /* HTWMensaDetailTableViewController.m in Sources */ = {isa = PBXBuildFile; fileRef = E6642B1C191D0B8E0003FF5A /* HTWMensaDetailTableViewController.m */; };
		E6642B1F191D15AF0003FF5A /* noimage.png in Resources */ = {isa = PBXBuildFile; fileRef = E6642B1E191D15AF0003FF5A /* noimage.png */; };
		E67D2530191620F9009D7634 /* User.m in Sources */ = {isa = PBXBuildFile; fileRef = E67D252F191620F9009D7634 /* User.m */; };
		E67D2533191620FA009D7634 /* Stunde.m in Sources */ = {isa = PBXBuildFile; fileRef = E67D2532191620FA009D7634 /* Stunde.m */; };
		E6966E7C1921359B00EFB998 /* HTWPruefungsParser.m in Sources */ = {isa = PBXBuildFile; fileRef = E6966E791921359B00EFB998 /* HTWPruefungsParser.m */; };
		E6966E8019213ABC00EFB998 /* HTWPruefungsTableViewController.m in Sources */ = {isa = PBXBuildFile; fileRef = E6966E7F19213ABC00EFB998 /* HTWPruefungsTableViewController.m */; };
		E6966E831921473900EFB998 /* HTWPruefungsDetailTableViewController.m in Sources */ = {isa = PBXBuildFile; fileRef = E6966E821921473900EFB998 /* HTWPruefungsDetailTableViewController.m */; };
		E6966E8F19214DC300EFB998 /* HTWNeueStudiengruppe.m in Sources */ = {isa = PBXBuildFile; fileRef = E6966E8E19214DC300EFB998 /* HTWNeueStudiengruppe.m */; };
		E6B771E6191C36E200E9A2A5 /* HTWPageContentViewController.m in Sources */ = {isa = PBXBuildFile; fileRef = E6B771E3191C36E200E9A2A5 /* HTWPageContentViewController.m */; };
		E6B771E7191C36E200E9A2A5 /* HTWPageViewController.m in Sources */ = {isa = PBXBuildFile; fileRef = E6B771E5191C36E200E9A2A5 /* HTWPageViewController.m */; };
		E6B771EF191C370200E9A2A5 /* page1.png in Resources */ = {isa = PBXBuildFile; fileRef = E6B771E9191C370200E9A2A5 /* page1.png */; };
		E6B771F0191C370200E9A2A5 /* page2.png in Resources */ = {isa = PBXBuildFile; fileRef = E6B771EA191C370200E9A2A5 /* page2.png */; };
		E6B771F1191C370200E9A2A5 /* page3.png in Resources */ = {isa = PBXBuildFile; fileRef = E6B771EB191C370200E9A2A5 /* page3.png */; };
		E6B771F2191C370200E9A2A5 /* page4.png in Resources */ = {isa = PBXBuildFile; fileRef = E6B771EC191C370200E9A2A5 /* page4.png */; };
		E6B771F3191C370200E9A2A5 /* page5.png in Resources */ = {isa = PBXBuildFile; fileRef = E6B771ED191C370200E9A2A5 /* page5.png */; };
		E6B771F4191C370200E9A2A5 /* page6.png in Resources */ = {isa = PBXBuildFile; fileRef = E6B771EE191C370200E9A2A5 /* page6.png */; };
		E6D2E570190FF55C00DCD9EF /* HTWCSVExport.m in Sources */ = {isa = PBXBuildFile; fileRef = E6D2E56F190FF55C00DCD9EF /* HTWCSVExport.m */; };
		E6D2E573190FF60400DCD9EF /* HTWICSExport.m in Sources */ = {isa = PBXBuildFile; fileRef = E6D2E572190FF60400DCD9EF /* HTWICSExport.m */; };
		E6D6A8B8191BA1A300FD75F0 /* HTWMatrikelnummernEditTableViewController.m in Sources */ = {isa = PBXBuildFile; fileRef = E6D6A8B7191BA1A300FD75F0 /* HTWMatrikelnummernEditTableViewController.m */; };
		E6DF7E0719137F1200DDC69C /* HTWStundenplanSettingsTableViewController.m in Sources */ = {isa = PBXBuildFile; fileRef = E6DF7E0619137F1200DDC69C /* HTWStundenplanSettingsTableViewController.m */; };
		E6E624B019241800007AED51 /* HTWAlertNavigationController.m in Sources */ = {isa = PBXBuildFile; fileRef = E6E624AD19241800007AED51 /* HTWAlertNavigationController.m */; };
		E6E624B119241800007AED51 /* HTWAlertViewController.m in Sources */ = {isa = PBXBuildFile; fileRef = E6E624AF19241800007AED51 /* HTWAlertViewController.m */; };
		E6EBD38F191A8E3000720962 /* HTWNotenSettingsTableViewController.m in Sources */ = {isa = PBXBuildFile; fileRef = E6EBD38E191A8E3000720962 /* HTWNotenSettingsTableViewController.m */; };
		E6FE12A119093D6700D56D52 /* indicator-red.png in Resources */ = {isa = PBXBuildFile; fileRef = E6FE12A019093D6700D56D52 /* indicator-red.png */; };
		E6FE12A51909881400D56D52 /* HTWRaumplanerTableViewController.m in Sources */ = {isa = PBXBuildFile; fileRef = E6FE12A41909881400D56D52 /* HTWRaumplanerTableViewController.m */; };
		E6FE97F619183742004C6596 /* indicator.png in Resources */ = {isa = PBXBuildFile; fileRef = E6FE97F519183742004C6596 /* indicator.png */; };
/* End PBXBuildFile section */

/* Begin PBXContainerItemProxy section */
		E63772E91908146300DEE8AB /* PBXContainerItemProxy */ = {
			isa = PBXContainerItemProxy;
			containerPortal = E63772BB1908146300DEE8AB /* Project object */;
			proxyType = 1;
			remoteGlobalIDString = E63772C21908146300DEE8AB;
			remoteInfo = HTWcampus;
		};
/* End PBXContainerItemProxy section */

/* Begin PBXFileReference section */
		6D5B71261923AC340061CEA6 /* HTWMensaXMLParser.h */ = {isa = PBXFileReference; fileEncoding = 4; lastKnownFileType = sourcecode.c.h; name = HTWMensaXMLParser.h; path = Mensa/HTWMensaXMLParser.h; sourceTree = "<group>"; };
		6D5B71271923AC340061CEA6 /* HTWMensaXMLParser.m */ = {isa = PBXFileReference; fileEncoding = 4; lastKnownFileType = sourcecode.c.objc; name = HTWMensaXMLParser.m; path = Mensa/HTWMensaXMLParser.m; sourceTree = "<group>"; };
		6D753A371917A8C300C6BAA1 /* altemensa.jpg */ = {isa = PBXFileReference; lastKnownFileType = image.jpeg; name = altemensa.jpg; path = Mensa/Pictures/altemensa.jpg; sourceTree = "<group>"; };
		6D753A381917A8C300C6BAA1 /* biomensa-uboot.jpg */ = {isa = PBXFileReference; lastKnownFileType = image.jpeg; name = "biomensa-uboot.jpg"; path = "Mensa/Pictures/biomensa-uboot.jpg"; sourceTree = "<group>"; };
		6D753A391917A8C300C6BAA1 /* goerlitz.jpg */ = {isa = PBXFileReference; lastKnownFileType = image.jpeg; name = goerlitz.jpg; path = Mensa/Pictures/goerlitz.jpg; sourceTree = "<group>"; };
		6D753A3A1917A8C300C6BAA1 /* johannstadt.jpg */ = {isa = PBXFileReference; lastKnownFileType = image.jpeg; name = johannstadt.jpg; path = Mensa/Pictures/johannstadt.jpg; sourceTree = "<group>"; };
		6D753A3B1917A8C300C6BAA1 /* mensa-bruehl.jpg */ = {isa = PBXFileReference; lastKnownFileType = image.jpeg; name = "mensa-bruehl.jpg"; path = "Mensa/Pictures/mensa-bruehl.jpg"; sourceTree = "<group>"; };
		6D753A3C1917A8C300C6BAA1 /* mensa-kreuzgymnasium.jpg */ = {isa = PBXFileReference; lastKnownFileType = image.jpeg; name = "mensa-kreuzgymnasium.jpg"; path = "Mensa/Pictures/mensa-kreuzgymnasium.jpg"; sourceTree = "<group>"; };
		6D753A3D1917A8C300C6BAA1 /* mensa-siedepunkt.jpg */ = {isa = PBXFileReference; lastKnownFileType = image.jpeg; name = "mensa-siedepunkt.jpg"; path = "Mensa/Pictures/mensa-siedepunkt.jpg"; sourceTree = "<group>"; };
		6D753A3E1917A8C300C6BAA1 /* mensa-wueins.jpg */ = {isa = PBXFileReference; lastKnownFileType = image.jpeg; name = "mensa-wueins.jpg"; path = "Mensa/Pictures/mensa-wueins.jpg"; sourceTree = "<group>"; };
		6D753A3F1917A8C300C6BAA1 /* mensasport.jpg */ = {isa = PBXFileReference; lastKnownFileType = image.jpeg; name = mensasport.jpg; path = Mensa/Pictures/mensasport.jpg; sourceTree = "<group>"; };
		6D753A401917A8C300C6BAA1 /* mensologie.jpg */ = {isa = PBXFileReference; lastKnownFileType = image.jpeg; name = mensologie.jpg; path = Mensa/Pictures/mensologie.jpg; sourceTree = "<group>"; };
		6D753A411917A8C300C6BAA1 /* neuemensa.jpg */ = {isa = PBXFileReference; lastKnownFileType = image.jpeg; name = neuemensa.jpg; path = Mensa/Pictures/neuemensa.jpg; sourceTree = "<group>"; };
		6D753A421917A8C300C6BAA1 /* noavailablemensaimage.jpg */ = {isa = PBXFileReference; lastKnownFileType = image.jpeg; name = noavailablemensaimage.jpg; path = Mensa/Pictures/noavailablemensaimage.jpg; sourceTree = "<group>"; };
		6D753A431917A8C300C6BAA1 /* palucca.jpg */ = {isa = PBXFileReference; lastKnownFileType = image.jpeg; name = palucca.jpg; path = Mensa/Pictures/palucca.jpg; sourceTree = "<group>"; };
		6D753A441917A8C300C6BAA1 /* pillnitz.jpg */ = {isa = PBXFileReference; lastKnownFileType = image.jpeg; name = pillnitz.jpg; path = Mensa/Pictures/pillnitz.jpg; sourceTree = "<group>"; };
		6D753A451917A8C300C6BAA1 /* reichenbachstrasse.jpg */ = {isa = PBXFileReference; lastKnownFileType = image.jpeg; name = reichenbachstrasse.jpg; path = Mensa/Pictures/reichenbachstrasse.jpg; sourceTree = "<group>"; };
		6D753A461917A8C300C6BAA1 /* stimmgabel.jpg */ = {isa = PBXFileReference; lastKnownFileType = image.jpeg; name = stimmgabel.jpg; path = Mensa/Pictures/stimmgabel.jpg; sourceTree = "<group>"; };
		6D753A471917A8C300C6BAA1 /* tellerrandt.jpg */ = {isa = PBXFileReference; lastKnownFileType = image.jpeg; name = tellerrandt.jpg; path = Mensa/Pictures/tellerrandt.jpg; sourceTree = "<group>"; };
		6D753A481917A8C300C6BAA1 /* uboot.jpg */ = {isa = PBXFileReference; lastKnownFileType = image.jpeg; name = uboot.jpg; path = Mensa/Pictures/uboot.jpg; sourceTree = "<group>"; };
		6D753A5B1917BBED00C6BAA1 /* UIColor+HTW.h */ = {isa = PBXFileReference; fileEncoding = 4; lastKnownFileType = sourcecode.c.h; name = "UIColor+HTW.h"; path = "Categories/UIColor+HTW.h"; sourceTree = "<group>"; };
		6D753A5C1917BBED00C6BAA1 /* UIColor+HTW.m */ = {isa = PBXFileReference; fileEncoding = 4; lastKnownFileType = sourcecode.c.objc; name = "UIColor+HTW.m"; path = "Categories/UIColor+HTW.m"; sourceTree = "<group>"; };
		6D753A5F1917C54B00C6BAA1 /* HTWMensaSpeiseTableViewCell.h */ = {isa = PBXFileReference; fileEncoding = 4; lastKnownFileType = sourcecode.c.h; name = HTWMensaSpeiseTableViewCell.h; path = Classes/HTWMensaSpeiseTableViewCell.h; sourceTree = "<group>"; };
		6D753A601917C54B00C6BAA1 /* HTWMensaSpeiseTableViewCell.m */ = {isa = PBXFileReference; fileEncoding = 4; lastKnownFileType = sourcecode.c.objc; name = HTWMensaSpeiseTableViewCell.m; path = Classes/HTWMensaSpeiseTableViewCell.m; sourceTree = "<group>"; };
		6D753A631917C9A600C6BAA1 /* mensen.json */ = {isa = PBXFileReference; fileEncoding = 4; lastKnownFileType = text.json; name = mensen.json; path = Assets/mensen.json; sourceTree = "<group>"; };
		6D753A681917C9B500C6BAA1 /* OFL.txt */ = {isa = PBXFileReference; fileEncoding = 4; lastKnownFileType = text; path = OFL.txt; sourceTree = "<group>"; };
		6D753A691917C9B500C6BAA1 /* PT_Sans-Web-Bold.ttf */ = {isa = PBXFileReference; lastKnownFileType = file; path = "PT_Sans-Web-Bold.ttf"; sourceTree = "<group>"; };
		6D753A6A1917C9B500C6BAA1 /* PT_Sans-Web-BoldItalic.ttf */ = {isa = PBXFileReference; lastKnownFileType = file; path = "PT_Sans-Web-BoldItalic.ttf"; sourceTree = "<group>"; };
		6D753A6B1917C9B500C6BAA1 /* PT_Sans-Web-Italic.ttf */ = {isa = PBXFileReference; lastKnownFileType = file; path = "PT_Sans-Web-Italic.ttf"; sourceTree = "<group>"; };
		6D753A6C1917C9B500C6BAA1 /* PT_Sans-Web-Regular.ttf */ = {isa = PBXFileReference; lastKnownFileType = file; path = "PT_Sans-Web-Regular.ttf"; sourceTree = "<group>"; };
		6D753A721917CC1100C6BAA1 /* UIFont+HTW.h */ = {isa = PBXFileReference; fileEncoding = 4; lastKnownFileType = sourcecode.c.h; name = "UIFont+HTW.h"; path = "Categories/UIFont+HTW.h"; sourceTree = "<group>"; };
		6D753A731917CC1100C6BAA1 /* UIFont+HTW.m */ = {isa = PBXFileReference; fileEncoding = 4; lastKnownFileType = sourcecode.c.objc; name = "UIFont+HTW.m"; path = "Categories/UIFont+HTW.m"; sourceTree = "<group>"; };
		6D753A751917F1D000C6BAA1 /* zittau.jpg */ = {isa = PBXFileReference; lastKnownFileType = image.jpeg; name = zittau.jpg; path = Mensa/Pictures/zittau.jpg; sourceTree = "<group>"; };
		6D753A771917F20800C6BAA1 /* hausvii.jpg */ = {isa = PBXFileReference; lastKnownFileType = image.jpeg; name = hausvii.jpg; path = Mensa/Pictures/hausvii.jpg; sourceTree = "<group>"; };
		6D7B451B1908150F00D99C9D /* main.storyboard */ = {isa = PBXFileReference; fileEncoding = 4; lastKnownFileType = file.storyboard; path = main.storyboard; sourceTree = "<group>"; };
		6D94E9D4191524B300872FC8 /* notenDetailViewController.h */ = {isa = PBXFileReference; fileEncoding = 4; lastKnownFileType = sourcecode.c.h; name = notenDetailViewController.h; path = Noten/notenDetailViewController.h; sourceTree = "<group>"; };
		6D94E9D5191524B300872FC8 /* notenDetailViewController.m */ = {isa = PBXFileReference; fileEncoding = 4; lastKnownFileType = sourcecode.c.objc; name = notenDetailViewController.m; path = Noten/notenDetailViewController.m; sourceTree = "<group>"; };
		6D94E9D6191524B300872FC8 /* notenStartseiteHTMLParser.h */ = {isa = PBXFileReference; fileEncoding = 4; lastKnownFileType = sourcecode.c.h; name = notenStartseiteHTMLParser.h; path = Noten/notenStartseiteHTMLParser.h; sourceTree = "<group>"; };
		6D94E9D7191524B300872FC8 /* notenStartseiteHTMLParser.m */ = {isa = PBXFileReference; fileEncoding = 4; lastKnownFileType = sourcecode.c.objc; name = notenStartseiteHTMLParser.m; path = Noten/notenStartseiteHTMLParser.m; sourceTree = "<group>"; };
		6D94E9D8191524B300872FC8 /* notenViewController.h */ = {isa = PBXFileReference; fileEncoding = 4; lastKnownFileType = sourcecode.c.h; name = notenViewController.h; path = Noten/notenViewController.h; sourceTree = "<group>"; };
		6D94E9D9191524B300872FC8 /* notenViewController.m */ = {isa = PBXFileReference; fileEncoding = 4; lastKnownFileType = sourcecode.c.objc; name = notenViewController.m; path = Noten/notenViewController.m; sourceTree = "<group>"; };
		6D94EA1319152FDB00872FC8 /* CDataChunk.h */ = {isa = PBXFileReference; fileEncoding = 4; lastKnownFileType = sourcecode.c.h; name = CDataChunk.h; path = Vendor/ElementParser/CDataChunk.h; sourceTree = "<group>"; };
		6D94EA1419152FDB00872FC8 /* CDataChunk.m */ = {isa = PBXFileReference; fileEncoding = 4; lastKnownFileType = sourcecode.c.objc; name = CDataChunk.m; path = Vendor/ElementParser/CDataChunk.m; sourceTree = "<group>"; };
		6D94EA1519152FDB00872FC8 /* Chunk.h */ = {isa = PBXFileReference; fileEncoding = 4; lastKnownFileType = sourcecode.c.h; name = Chunk.h; path = Vendor/ElementParser/Chunk.h; sourceTree = "<group>"; };
		6D94EA1619152FDB00872FC8 /* Chunk.m */ = {isa = PBXFileReference; fileEncoding = 4; lastKnownFileType = sourcecode.c.objc; name = Chunk.m; path = Vendor/ElementParser/Chunk.m; sourceTree = "<group>"; };
		6D94EA1719152FDB00872FC8 /* CommentChunk.h */ = {isa = PBXFileReference; fileEncoding = 4; lastKnownFileType = sourcecode.c.h; name = CommentChunk.h; path = Vendor/ElementParser/CommentChunk.h; sourceTree = "<group>"; };
		6D94EA1819152FDB00872FC8 /* CommentChunk.m */ = {isa = PBXFileReference; fileEncoding = 4; lastKnownFileType = sourcecode.c.objc; name = CommentChunk.m; path = Vendor/ElementParser/CommentChunk.m; sourceTree = "<group>"; };
		6D94EA1919152FDB00872FC8 /* CSSPartMatcher.h */ = {isa = PBXFileReference; fileEncoding = 4; lastKnownFileType = sourcecode.c.h; name = CSSPartMatcher.h; path = Vendor/ElementParser/CSSPartMatcher.h; sourceTree = "<group>"; };
		6D94EA1A19152FDB00872FC8 /* CSSPartMatcher.m */ = {isa = PBXFileReference; fileEncoding = 4; lastKnownFileType = sourcecode.c.objc; name = CSSPartMatcher.m; path = Vendor/ElementParser/CSSPartMatcher.m; sourceTree = "<group>"; };
		6D94EA1B19152FDB00872FC8 /* CSSSelector.h */ = {isa = PBXFileReference; fileEncoding = 4; lastKnownFileType = sourcecode.c.h; name = CSSSelector.h; path = Vendor/ElementParser/CSSSelector.h; sourceTree = "<group>"; };
		6D94EA1C19152FDB00872FC8 /* CSSSelector.m */ = {isa = PBXFileReference; fileEncoding = 4; lastKnownFileType = sourcecode.c.objc; name = CSSSelector.m; path = Vendor/ElementParser/CSSSelector.m; sourceTree = "<group>"; };
		6D94EA1D19152FDB00872FC8 /* CSSSelectorMatcher.h */ = {isa = PBXFileReference; fileEncoding = 4; lastKnownFileType = sourcecode.c.h; name = CSSSelectorMatcher.h; path = Vendor/ElementParser/CSSSelectorMatcher.h; sourceTree = "<group>"; };
		6D94EA1E19152FDB00872FC8 /* CSSSelectorMatcher.m */ = {isa = PBXFileReference; fileEncoding = 4; lastKnownFileType = sourcecode.c.objc; name = CSSSelectorMatcher.m; path = Vendor/ElementParser/CSSSelectorMatcher.m; sourceTree = "<group>"; };
		6D94EA1F19152FDB00872FC8 /* CSSSelectorPart.h */ = {isa = PBXFileReference; fileEncoding = 4; lastKnownFileType = sourcecode.c.h; name = CSSSelectorPart.h; path = Vendor/ElementParser/CSSSelectorPart.h; sourceTree = "<group>"; };
		6D94EA2019152FDB00872FC8 /* CSSSelectorPart.m */ = {isa = PBXFileReference; fileEncoding = 4; lastKnownFileType = sourcecode.c.objc; name = CSSSelectorPart.m; path = Vendor/ElementParser/CSSSelectorPart.m; sourceTree = "<group>"; };
		6D94EA2119152FDB00872FC8 /* DoctypeChunk.h */ = {isa = PBXFileReference; fileEncoding = 4; lastKnownFileType = sourcecode.c.h; name = DoctypeChunk.h; path = Vendor/ElementParser/DoctypeChunk.h; sourceTree = "<group>"; };
		6D94EA2219152FDB00872FC8 /* DoctypeChunk.m */ = {isa = PBXFileReference; fileEncoding = 4; lastKnownFileType = sourcecode.c.objc; name = DoctypeChunk.m; path = Vendor/ElementParser/DoctypeChunk.m; sourceTree = "<group>"; };
		6D94EA2319152FDB00872FC8 /* DocumentRoot.h */ = {isa = PBXFileReference; fileEncoding = 4; lastKnownFileType = sourcecode.c.h; name = DocumentRoot.h; path = Vendor/ElementParser/DocumentRoot.h; sourceTree = "<group>"; };
		6D94EA2419152FDB00872FC8 /* DocumentRoot.m */ = {isa = PBXFileReference; fileEncoding = 4; lastKnownFileType = sourcecode.c.objc; name = DocumentRoot.m; path = Vendor/ElementParser/DocumentRoot.m; sourceTree = "<group>"; };
		6D94EA2519152FDB00872FC8 /* Element.h */ = {isa = PBXFileReference; fileEncoding = 4; lastKnownFileType = sourcecode.c.h; name = Element.h; path = Vendor/ElementParser/Element.h; sourceTree = "<group>"; };
		6D94EA2619152FDB00872FC8 /* Element.m */ = {isa = PBXFileReference; fileEncoding = 4; lastKnownFileType = sourcecode.c.objc; name = Element.m; path = Vendor/ElementParser/Element.m; sourceTree = "<group>"; };
		6D94EA2719152FDB00872FC8 /* ElementParser.h */ = {isa = PBXFileReference; fileEncoding = 4; lastKnownFileType = sourcecode.c.h; name = ElementParser.h; path = Vendor/ElementParser/ElementParser.h; sourceTree = "<group>"; };
		6D94EA2819152FDB00872FC8 /* ElementParser.m */ = {isa = PBXFileReference; fileEncoding = 4; lastKnownFileType = sourcecode.c.objc; name = ElementParser.m; path = Vendor/ElementParser/ElementParser.m; sourceTree = "<group>"; };
		6D94EA2919152FDB00872FC8 /* EntityChunk.h */ = {isa = PBXFileReference; fileEncoding = 4; lastKnownFileType = sourcecode.c.h; name = EntityChunk.h; path = Vendor/ElementParser/EntityChunk.h; sourceTree = "<group>"; };
		6D94EA2A19152FDB00872FC8 /* EntityChunk.m */ = {isa = PBXFileReference; fileEncoding = 4; lastKnownFileType = sourcecode.c.objc; name = EntityChunk.m; path = Vendor/ElementParser/EntityChunk.m; sourceTree = "<group>"; };
		6D94EA2B19152FDB00872FC8 /* NSString_HTML.h */ = {isa = PBXFileReference; fileEncoding = 4; lastKnownFileType = sourcecode.c.h; name = NSString_HTML.h; path = Vendor/ElementParser/NSString_HTML.h; sourceTree = "<group>"; };
		6D94EA2C19152FDB00872FC8 /* NSString_HTML.m */ = {isa = PBXFileReference; fileEncoding = 4; lastKnownFileType = sourcecode.c.objc; name = NSString_HTML.m; path = Vendor/ElementParser/NSString_HTML.m; sourceTree = "<group>"; };
		6D94EA2D19152FDB00872FC8 /* ProcessingInstructionChunk.h */ = {isa = PBXFileReference; fileEncoding = 4; lastKnownFileType = sourcecode.c.h; name = ProcessingInstructionChunk.h; path = Vendor/ElementParser/ProcessingInstructionChunk.h; sourceTree = "<group>"; };
		6D94EA2E19152FDB00872FC8 /* ProcessingInstructionChunk.m */ = {isa = PBXFileReference; fileEncoding = 4; lastKnownFileType = sourcecode.c.objc; name = ProcessingInstructionChunk.m; path = Vendor/ElementParser/ProcessingInstructionChunk.m; sourceTree = "<group>"; };
		6D94EA2F19152FDB00872FC8 /* TagChunk.h */ = {isa = PBXFileReference; fileEncoding = 4; lastKnownFileType = sourcecode.c.h; name = TagChunk.h; path = Vendor/ElementParser/TagChunk.h; sourceTree = "<group>"; };
		6D94EA3019152FDB00872FC8 /* TagChunk.m */ = {isa = PBXFileReference; fileEncoding = 4; lastKnownFileType = sourcecode.c.objc; name = TagChunk.m; path = Vendor/ElementParser/TagChunk.m; sourceTree = "<group>"; };
		6D94EA3119152FDB00872FC8 /* TxtChunk.h */ = {isa = PBXFileReference; fileEncoding = 4; lastKnownFileType = sourcecode.c.h; name = TxtChunk.h; path = Vendor/ElementParser/TxtChunk.h; sourceTree = "<group>"; };
		6D94EA3219152FDB00872FC8 /* TxtChunk.m */ = {isa = PBXFileReference; fileEncoding = 4; lastKnownFileType = sourcecode.c.objc; name = TxtChunk.m; path = Vendor/ElementParser/TxtChunk.m; sourceTree = "<group>"; };
		6D94EA3319152FDB00872FC8 /* URLParser.h */ = {isa = PBXFileReference; fileEncoding = 4; lastKnownFileType = sourcecode.c.h; name = URLParser.h; path = Vendor/ElementParser/URLParser.h; sourceTree = "<group>"; };
		6D94EA3419152FDB00872FC8 /* URLParser.m */ = {isa = PBXFileReference; fileEncoding = 4; lastKnownFileType = sourcecode.c.objc; name = URLParser.m; path = Vendor/ElementParser/URLParser.m; sourceTree = "<group>"; };
		6D94EA471915377E00872FC8 /* MensaDetailViewController.h */ = {isa = PBXFileReference; fileEncoding = 4; lastKnownFileType = sourcecode.c.h; name = MensaDetailViewController.h; path = Mensa/MensaDetailViewController.h; sourceTree = "<group>"; };
		6D94EA481915377E00872FC8 /* MensaDetailViewController.m */ = {isa = PBXFileReference; fileEncoding = 4; lastKnownFileType = sourcecode.c.objc; name = MensaDetailViewController.m; path = Mensa/MensaDetailViewController.m; sourceTree = "<group>"; };
		6D94EA491915377E00872FC8 /* mensaViewController.h */ = {isa = PBXFileReference; fileEncoding = 4; lastKnownFileType = sourcecode.c.h; name = mensaViewController.h; path = Mensa/mensaViewController.h; sourceTree = "<group>"; };
		6D94EA4A1915377E00872FC8 /* mensaViewController.m */ = {isa = PBXFileReference; fileEncoding = 4; lastKnownFileType = sourcecode.c.objc; name = mensaViewController.m; path = Mensa/mensaViewController.m; sourceTree = "<group>"; };
		6D94EA51191537BA00872FC8 /* UIImage+Resize.h */ = {isa = PBXFileReference; fileEncoding = 4; lastKnownFileType = sourcecode.c.h; name = "UIImage+Resize.h"; path = "Categories/UIImage+Resize.h"; sourceTree = "<group>"; };
		6D94EA52191537BA00872FC8 /* UIImage+Resize.m */ = {isa = PBXFileReference; fileEncoding = 4; lastKnownFileType = sourcecode.c.objc; name = "UIImage+Resize.m"; path = "Categories/UIImage+Resize.m"; sourceTree = "<group>"; };
		6D94EA54191538E600872FC8 /* UIImage+Alpha.h */ = {isa = PBXFileReference; fileEncoding = 4; lastKnownFileType = sourcecode.c.h; name = "UIImage+Alpha.h"; path = "Categories/UIImage+Alpha.h"; sourceTree = "<group>"; };
		6D94EA55191538E600872FC8 /* UIImage+Alpha.m */ = {isa = PBXFileReference; fileEncoding = 4; lastKnownFileType = sourcecode.c.objc; name = "UIImage+Alpha.m"; path = "Categories/UIImage+Alpha.m"; sourceTree = "<group>"; };
		6D94EA56191538E600872FC8 /* UIImage+RoundedCorner.h */ = {isa = PBXFileReference; fileEncoding = 4; lastKnownFileType = sourcecode.c.h; name = "UIImage+RoundedCorner.h"; path = "Categories/UIImage+RoundedCorner.h"; sourceTree = "<group>"; };
		6D94EA57191538E600872FC8 /* UIImage+RoundedCorner.m */ = {isa = PBXFileReference; fileEncoding = 4; lastKnownFileType = sourcecode.c.objc; name = "UIImage+RoundedCorner.m"; path = "Categories/UIImage+RoundedCorner.m"; sourceTree = "<group>"; };
		E60BD347192173CA0018E3C2 /* HTWDozentEingebenTableViewController.h */ = {isa = PBXFileReference; fileEncoding = 4; lastKnownFileType = sourcecode.c.h; name = HTWDozentEingebenTableViewController.h; path = "Prüfungsplaner/HTWDozentEingebenTableViewController.h"; sourceTree = "<group>"; };
		E60BD348192173CA0018E3C2 /* HTWDozentEingebenTableViewController.m */ = {isa = PBXFileReference; fileEncoding = 4; lastKnownFileType = sourcecode.c.objc; name = HTWDozentEingebenTableViewController.m; path = "Prüfungsplaner/HTWDozentEingebenTableViewController.m"; sourceTree = "<group>"; };
		E61B6A2B1923B7BE0050EB10 /* Images.xcassets */ = {isa = PBXFileReference; lastKnownFileType = folder.assetcatalog; path = Images.xcassets; sourceTree = "<group>"; };
		E61C34BB19198BE500EBEBDD /* HTWStundenplanAddTableViewController.h */ = {isa = PBXFileReference; fileEncoding = 4; lastKnownFileType = sourcecode.c.h; name = HTWStundenplanAddTableViewController.h; path = Stundenplan/Portait/HTWStundenplanAddTableViewController.h; sourceTree = "<group>"; };
		E61C34BC19198BE500EBEBDD /* HTWStundenplanAddTableViewController.m */ = {isa = PBXFileReference; fileEncoding = 4; lastKnownFileType = sourcecode.c.objc; name = HTWStundenplanAddTableViewController.m; path = Stundenplan/Portait/HTWStundenplanAddTableViewController.m; sourceTree = "<group>"; };
		E61C4C7319193AA400560C91 /* HTWStundenplanEditDetailTableViewController.h */ = {isa = PBXFileReference; fileEncoding = 4; lastKnownFileType = sourcecode.c.h; name = HTWStundenplanEditDetailTableViewController.h; path = Stundenplan/Portait/HTWStundenplanEditDetailTableViewController.h; sourceTree = "<group>"; };
		E61C4C7419193AA400560C91 /* HTWStundenplanEditDetailTableViewController.m */ = {isa = PBXFileReference; fileEncoding = 4; lastKnownFileType = sourcecode.c.objc; name = HTWStundenplanEditDetailTableViewController.m; path = Stundenplan/Portait/HTWStundenplanEditDetailTableViewController.m; sourceTree = "<group>"; };
		E61D87EC19082ED30033D543 /* HTWcampus.xcdatamodel */ = {isa = PBXFileReference; lastKnownFileType = wrapper.xcdatamodel; path = HTWcampus.xcdatamodel; sourceTree = "<group>"; };
		E61D87FC19082F2B0033D543 /* HTWStundenplanParser.h */ = {isa = PBXFileReference; fileEncoding = 4; lastKnownFileType = sourcecode.c.h; name = HTWStundenplanParser.h; path = Stundenplan/Model/HTWStundenplanParser.h; sourceTree = "<group>"; };
		E61D87FD19082F2B0033D543 /* HTWStundenplanParser.m */ = {isa = PBXFileReference; fileEncoding = 4; lastKnownFileType = sourcecode.c.objc; name = HTWStundenplanParser.m; path = Stundenplan/Model/HTWStundenplanParser.m; sourceTree = "<group>"; };
		E61D880F190857F90033D543 /* HTWPortraitViewController.h */ = {isa = PBXFileReference; fileEncoding = 4; lastKnownFileType = sourcecode.c.h; name = HTWPortraitViewController.h; path = Stundenplan/Portait/HTWPortraitViewController.h; sourceTree = "<group>"; };
		E61D8810190857F90033D543 /* HTWPortraitViewController.m */ = {isa = PBXFileReference; fileEncoding = 4; lastKnownFileType = sourcecode.c.objc; name = HTWPortraitViewController.m; path = Stundenplan/Portait/HTWPortraitViewController.m; sourceTree = "<group>"; };
		E61D88121908583C0033D543 /* HTWStundenplanButtonForLesson.h */ = {isa = PBXFileReference; fileEncoding = 4; lastKnownFileType = sourcecode.c.h; name = HTWStundenplanButtonForLesson.h; path = Stundenplan/Model/HTWStundenplanButtonForLesson.h; sourceTree = "<group>"; };
		E61D88131908583C0033D543 /* HTWStundenplanButtonForLesson.m */ = {isa = PBXFileReference; fileEncoding = 4; lastKnownFileType = sourcecode.c.objc; name = HTWStundenplanButtonForLesson.m; path = Stundenplan/Model/HTWStundenplanButtonForLesson.m; sourceTree = "<group>"; };
		E61D881D190859180033D543 /* HTWLandscapeViewController.h */ = {isa = PBXFileReference; fileEncoding = 4; lastKnownFileType = sourcecode.c.h; name = HTWLandscapeViewController.h; path = Stundenplan/Landscape/HTWLandscapeViewController.h; sourceTree = "<group>"; };
		E61D881E190859180033D543 /* HTWLandscapeViewController.m */ = {isa = PBXFileReference; fileEncoding = 4; lastKnownFileType = sourcecode.c.objc; name = HTWLandscapeViewController.m; path = Stundenplan/Landscape/HTWLandscapeViewController.m; sourceTree = "<group>"; };
		E61D882519085B4C0033D543 /* HTWDatePickViewController.h */ = {isa = PBXFileReference; fileEncoding = 4; lastKnownFileType = sourcecode.c.h; name = HTWDatePickViewController.h; path = Stundenplan/Settings/HTWDatePickViewController.h; sourceTree = "<group>"; };
		E61D882619085B4C0033D543 /* HTWDatePickViewController.m */ = {isa = PBXFileReference; fileEncoding = 4; lastKnownFileType = sourcecode.c.objc; name = HTWDatePickViewController.m; path = Stundenplan/Settings/HTWDatePickViewController.m; sourceTree = "<group>"; };
		E61D882719085B4C0033D543 /* HTWMatrikelnummernTableViewController.h */ = {isa = PBXFileReference; fileEncoding = 4; lastKnownFileType = sourcecode.c.h; name = HTWMatrikelnummernTableViewController.h; path = Stundenplan/Settings/HTWMatrikelnummernTableViewController.h; sourceTree = "<group>"; };
		E61D882819085B4C0033D543 /* HTWMatrikelnummernTableViewController.m */ = {isa = PBXFileReference; fileEncoding = 4; lastKnownFileType = sourcecode.c.objc; name = HTWMatrikelnummernTableViewController.m; path = Stundenplan/Settings/HTWMatrikelnummernTableViewController.m; sourceTree = "<group>"; };
		E61D882B19085B4C0033D543 /* HTWStundenplanSettingsUebersichtTableViewCell.h */ = {isa = PBXFileReference; fileEncoding = 4; lastKnownFileType = sourcecode.c.h; name = HTWStundenplanSettingsUebersichtTableViewCell.h; path = Stundenplan/Settings/HTWStundenplanSettingsUebersichtTableViewCell.h; sourceTree = "<group>"; };
		E61D882C19085B4C0033D543 /* HTWStundenplanSettingsUebersichtTableViewCell.m */ = {isa = PBXFileReference; fileEncoding = 4; lastKnownFileType = sourcecode.c.objc; name = HTWStundenplanSettingsUebersichtTableViewCell.m; path = Stundenplan/Settings/HTWStundenplanSettingsUebersichtTableViewCell.m; sourceTree = "<group>"; };
		E61D882D19085B4C0033D543 /* HTWStundenplanSettingsUebersichtTableViewController.h */ = {isa = PBXFileReference; fileEncoding = 4; lastKnownFileType = sourcecode.c.h; name = HTWStundenplanSettingsUebersichtTableViewController.h; path = Stundenplan/Settings/HTWStundenplanSettingsUebersichtTableViewController.h; sourceTree = "<group>"; };
		E61D882E19085B4C0033D543 /* HTWStundenplanSettingsUebersichtTableViewController.m */ = {isa = PBXFileReference; fileEncoding = 4; lastKnownFileType = sourcecode.c.objc; name = HTWStundenplanSettingsUebersichtTableViewController.m; path = Stundenplan/Settings/HTWStundenplanSettingsUebersichtTableViewController.m; sourceTree = "<group>"; };
		E61D883119085B4C0033D543 /* HTWSwitchInStundenplanSettingsUebersichtTableViewCell.h */ = {isa = PBXFileReference; fileEncoding = 4; lastKnownFileType = sourcecode.c.h; name = HTWSwitchInStundenplanSettingsUebersichtTableViewCell.h; path = Stundenplan/Settings/HTWSwitchInStundenplanSettingsUebersichtTableViewCell.h; sourceTree = "<group>"; };
		E61D883219085B4C0033D543 /* HTWSwitchInStundenplanSettingsUebersichtTableViewCell.m */ = {isa = PBXFileReference; fileEncoding = 4; lastKnownFileType = sourcecode.c.objc; name = HTWSwitchInStundenplanSettingsUebersichtTableViewCell.m; path = Stundenplan/Settings/HTWSwitchInStundenplanSettingsUebersichtTableViewCell.m; sourceTree = "<group>"; };
		E61D887D1908705E0033D543 /* landscapeSegue.h */ = {isa = PBXFileReference; fileEncoding = 4; lastKnownFileType = sourcecode.c.h; name = landscapeSegue.h; path = Stundenplan/Landscape/landscapeSegue.h; sourceTree = "<group>"; };
		E61D887E1908705E0033D543 /* landscapeSegue.m */ = {isa = PBXFileReference; fileEncoding = 4; lastKnownFileType = sourcecode.c.objc; name = landscapeSegue.m; path = Stundenplan/Landscape/landscapeSegue.m; sourceTree = "<group>"; };
		E62C4847191422DE00788651 /* HTWCSVConnection.h */ = {isa = PBXFileReference; fileEncoding = 4; lastKnownFileType = sourcecode.c.h; name = HTWCSVConnection.h; path = Stundenplan/Model/HTWCSVConnection.h; sourceTree = "<group>"; };
		E62C4848191422DE00788651 /* HTWCSVConnection.m */ = {isa = PBXFileReference; fileEncoding = 4; lastKnownFileType = sourcecode.c.objc; name = HTWCSVConnection.m; path = Stundenplan/Model/HTWCSVConnection.m; sourceTree = "<group>"; };
		E62C4849191422DE00788651 /* HTWCSVParser.h */ = {isa = PBXFileReference; fileEncoding = 4; lastKnownFileType = sourcecode.c.h; name = HTWCSVParser.h; path = Stundenplan/Model/HTWCSVParser.h; sourceTree = "<group>"; };
		E62C484A191422DE00788651 /* HTWCSVParser.m */ = {isa = PBXFileReference; fileEncoding = 4; lastKnownFileType = sourcecode.c.objc; name = HTWCSVParser.m; path = Stundenplan/Model/HTWCSVParser.m; sourceTree = "<group>"; };
		E63772C31908146300DEE8AB /* HTWcampus Debug.app */ = {isa = PBXFileReference; explicitFileType = wrapper.application; includeInIndex = 0; path = "HTWcampus Debug.app"; sourceTree = BUILT_PRODUCTS_DIR; };
		E63772C61908146300DEE8AB /* Foundation.framework */ = {isa = PBXFileReference; lastKnownFileType = wrapper.framework; name = Foundation.framework; path = System/Library/Frameworks/Foundation.framework; sourceTree = SDKROOT; };
		E63772C81908146300DEE8AB /* CoreGraphics.framework */ = {isa = PBXFileReference; lastKnownFileType = wrapper.framework; name = CoreGraphics.framework; path = System/Library/Frameworks/CoreGraphics.framework; sourceTree = SDKROOT; };
		E63772CA1908146300DEE8AB /* UIKit.framework */ = {isa = PBXFileReference; lastKnownFileType = wrapper.framework; name = UIKit.framework; path = System/Library/Frameworks/UIKit.framework; sourceTree = SDKROOT; };
		E63772CC1908146300DEE8AB /* CoreData.framework */ = {isa = PBXFileReference; lastKnownFileType = wrapper.framework; name = CoreData.framework; path = System/Library/Frameworks/CoreData.framework; sourceTree = SDKROOT; };
		E63772D01908146300DEE8AB /* HTWcampus-Info.plist */ = {isa = PBXFileReference; lastKnownFileType = text.plist.xml; path = "HTWcampus-Info.plist"; sourceTree = "<group>"; };
		E63772D21908146300DEE8AB /* en */ = {isa = PBXFileReference; lastKnownFileType = text.plist.strings; name = en; path = en.lproj/InfoPlist.strings; sourceTree = "<group>"; };
		E63772D41908146300DEE8AB /* main.m */ = {isa = PBXFileReference; lastKnownFileType = sourcecode.c.objc; path = main.m; sourceTree = "<group>"; };
		E63772D61908146300DEE8AB /* HTWcampus-Prefix.pch */ = {isa = PBXFileReference; lastKnownFileType = sourcecode.c.h; path = "HTWcampus-Prefix.pch"; sourceTree = "<group>"; };
		E63772D71908146300DEE8AB /* HTWAppDelegate.h */ = {isa = PBXFileReference; lastKnownFileType = sourcecode.c.h; path = HTWAppDelegate.h; sourceTree = "<group>"; };
		E63772D81908146300DEE8AB /* HTWAppDelegate.m */ = {isa = PBXFileReference; lastKnownFileType = sourcecode.c.objc; path = HTWAppDelegate.m; sourceTree = "<group>"; };
		E63772E31908146300DEE8AB /* HTWcampusTests.xctest */ = {isa = PBXFileReference; explicitFileType = wrapper.cfbundle; includeInIndex = 0; path = HTWcampusTests.xctest; sourceTree = BUILT_PRODUCTS_DIR; };
		E63772E41908146300DEE8AB /* XCTest.framework */ = {isa = PBXFileReference; lastKnownFileType = wrapper.framework; name = XCTest.framework; path = Library/Frameworks/XCTest.framework; sourceTree = DEVELOPER_DIR; };
		E63772ED1908146300DEE8AB /* HTWcampusTests-Info.plist */ = {isa = PBXFileReference; lastKnownFileType = text.plist.xml; path = "HTWcampusTests-Info.plist"; sourceTree = "<group>"; };
		E63772EF1908146300DEE8AB /* en */ = {isa = PBXFileReference; lastKnownFileType = text.plist.strings; name = en; path = en.lproj/InfoPlist.strings; sourceTree = "<group>"; };
		E63772F11908146300DEE8AB /* HTWcampusTests.m */ = {isa = PBXFileReference; lastKnownFileType = sourcecode.c.objc; path = HTWcampusTests.m; sourceTree = "<group>"; };
		E6379C6D190D3F34002AE150 /* HTWRaumParser.h */ = {isa = PBXFileReference; fileEncoding = 4; lastKnownFileType = sourcecode.c.h; name = HTWRaumParser.h; path = Raumplaner/HTWRaumParser.h; sourceTree = "<group>"; };
		E6379C6E190D3F34002AE150 /* HTWRaumParser.m */ = {isa = PBXFileReference; fileEncoding = 4; lastKnownFileType = sourcecode.c.objc; name = HTWRaumParser.m; path = Raumplaner/HTWRaumParser.m; sourceTree = "<group>"; };
		E6379C6F190D3F34002AE150 /* HTWTabParser.h */ = {isa = PBXFileReference; fileEncoding = 4; lastKnownFileType = sourcecode.c.h; name = HTWTabParser.h; path = Raumplaner/HTWTabParser.h; sourceTree = "<group>"; };
		E6379C70190D3F34002AE150 /* HTWTabParser.m */ = {isa = PBXFileReference; fileEncoding = 4; lastKnownFileType = sourcecode.c.objc; name = HTWTabParser.m; path = Raumplaner/HTWTabParser.m; sourceTree = "<group>"; };
		E6379C73190D3FD1002AE150 /* HTWTestViewController.h */ = {isa = PBXFileReference; fileEncoding = 4; lastKnownFileType = sourcecode.c.h; name = HTWTestViewController.h; path = Raumplaner/HTWTestViewController.h; sourceTree = "<group>"; };
		E6379C74190D3FD1002AE150 /* HTWTestViewController.m */ = {isa = PBXFileReference; fileEncoding = 4; lastKnownFileType = sourcecode.c.objc; name = HTWTestViewController.m; path = Raumplaner/HTWTestViewController.m; sourceTree = "<group>"; };
		E65737A819222AE600916A1A /* alleRaeume.txt */ = {isa = PBXFileReference; fileEncoding = 4; lastKnownFileType = text; name = alleRaeume.txt; path = "Raumplaner/Alle Raeume/alleRaeume.txt"; sourceTree = "<group>"; };
		E65737A919222AE600916A1A /* HTWAlleRaeumeTableViewController.h */ = {isa = PBXFileReference; fileEncoding = 4; lastKnownFileType = sourcecode.c.h; name = HTWAlleRaeumeTableViewController.h; path = "Raumplaner/Alle Raeume/HTWAlleRaeumeTableViewController.h"; sourceTree = "<group>"; };
		E65737AA19222AE600916A1A /* HTWAlleRaeumeTableViewController.m */ = {isa = PBXFileReference; fileEncoding = 4; lastKnownFileType = sourcecode.c.objc; name = HTWAlleRaeumeTableViewController.m; path = "Raumplaner/Alle Raeume/HTWAlleRaeumeTableViewController.m"; sourceTree = "<group>"; };
		E6642B18191D0B260003FF5A /* HTWMensaDetailParser.h */ = {isa = PBXFileReference; fileEncoding = 4; lastKnownFileType = sourcecode.c.h; name = HTWMensaDetailParser.h; path = Mensa/HTWMensaDetailParser.h; sourceTree = "<group>"; };
		E6642B19191D0B260003FF5A /* HTWMensaDetailParser.m */ = {isa = PBXFileReference; fileEncoding = 4; lastKnownFileType = sourcecode.c.objc; name = HTWMensaDetailParser.m; path = Mensa/HTWMensaDetailParser.m; sourceTree = "<group>"; };
		E6642B1B191D0B8E0003FF5A /* HTWMensaDetailTableViewController.h */ = {isa = PBXFileReference; fileEncoding = 4; lastKnownFileType = sourcecode.c.h; name = HTWMensaDetailTableViewController.h; path = Mensa/HTWMensaDetailTableViewController.h; sourceTree = "<group>"; };
		E6642B1C191D0B8E0003FF5A /* HTWMensaDetailTableViewController.m */ = {isa = PBXFileReference; fileEncoding = 4; lastKnownFileType = sourcecode.c.objc; name = HTWMensaDetailTableViewController.m; path = Mensa/HTWMensaDetailTableViewController.m; sourceTree = "<group>"; };
		E6642B1E191D15AF0003FF5A /* noimage.png */ = {isa = PBXFileReference; lastKnownFileType = image.png; path = noimage.png; sourceTree = "<group>"; };
		E67D252E191620F9009D7634 /* User.h */ = {isa = PBXFileReference; fileEncoding = 4; lastKnownFileType = sourcecode.c.h; name = User.h; path = Stundenplan/Model/User.h; sourceTree = "<group>"; };
		E67D252F191620F9009D7634 /* User.m */ = {isa = PBXFileReference; fileEncoding = 4; lastKnownFileType = sourcecode.c.objc; name = User.m; path = Stundenplan/Model/User.m; sourceTree = "<group>"; };
		E67D2531191620FA009D7634 /* Stunde.h */ = {isa = PBXFileReference; fileEncoding = 4; lastKnownFileType = sourcecode.c.h; name = Stunde.h; path = Stundenplan/Model/Stunde.h; sourceTree = "<group>"; };
		E67D2532191620FA009D7634 /* Stunde.m */ = {isa = PBXFileReference; fileEncoding = 4; lastKnownFileType = sourcecode.c.objc; name = Stunde.m; path = Stundenplan/Model/Stunde.m; sourceTree = "<group>"; };
		E6966E781921359B00EFB998 /* HTWPruefungsParser.h */ = {isa = PBXFileReference; fileEncoding = 4; lastKnownFileType = sourcecode.c.h; name = HTWPruefungsParser.h; path = "Prüfungsplaner/HTWPruefungsParser.h"; sourceTree = "<group>"; };
		E6966E791921359B00EFB998 /* HTWPruefungsParser.m */ = {isa = PBXFileReference; fileEncoding = 4; lastKnownFileType = sourcecode.c.objc; name = HTWPruefungsParser.m; path = "Prüfungsplaner/HTWPruefungsParser.m"; sourceTree = "<group>"; };
		E6966E7E19213ABC00EFB998 /* HTWPruefungsTableViewController.h */ = {isa = PBXFileReference; fileEncoding = 4; lastKnownFileType = sourcecode.c.h; name = HTWPruefungsTableViewController.h; path = "Prüfungsplaner/HTWPruefungsTableViewController.h"; sourceTree = "<group>"; };
		E6966E7F19213ABC00EFB998 /* HTWPruefungsTableViewController.m */ = {isa = PBXFileReference; fileEncoding = 4; lastKnownFileType = sourcecode.c.objc; name = HTWPruefungsTableViewController.m; path = "Prüfungsplaner/HTWPruefungsTableViewController.m"; sourceTree = "<group>"; };
		E6966E811921473900EFB998 /* HTWPruefungsDetailTableViewController.h */ = {isa = PBXFileReference; fileEncoding = 4; lastKnownFileType = sourcecode.c.h; name = HTWPruefungsDetailTableViewController.h; path = "Prüfungsplaner/HTWPruefungsDetailTableViewController.h"; sourceTree = "<group>"; };
		E6966E821921473900EFB998 /* HTWPruefungsDetailTableViewController.m */ = {isa = PBXFileReference; fileEncoding = 4; lastKnownFileType = sourcecode.c.objc; name = HTWPruefungsDetailTableViewController.m; path = "Prüfungsplaner/HTWPruefungsDetailTableViewController.m"; sourceTree = "<group>"; };
		E6966E8D19214DC300EFB998 /* HTWNeueStudiengruppe.h */ = {isa = PBXFileReference; fileEncoding = 4; lastKnownFileType = sourcecode.c.h; name = HTWNeueStudiengruppe.h; path = "Prüfungsplaner/HTWNeueStudiengruppe.h"; sourceTree = "<group>"; };
		E6966E8E19214DC300EFB998 /* HTWNeueStudiengruppe.m */ = {isa = PBXFileReference; fileEncoding = 4; lastKnownFileType = sourcecode.c.objc; name = HTWNeueStudiengruppe.m; path = "Prüfungsplaner/HTWNeueStudiengruppe.m"; sourceTree = "<group>"; };
		E6B771E2191C36E200E9A2A5 /* HTWPageContentViewController.h */ = {isa = PBXFileReference; fileEncoding = 4; lastKnownFileType = sourcecode.c.h; name = HTWPageContentViewController.h; path = PageViewFirstLaunch/HTWPageContentViewController.h; sourceTree = "<group>"; };
		E6B771E3191C36E200E9A2A5 /* HTWPageContentViewController.m */ = {isa = PBXFileReference; fileEncoding = 4; lastKnownFileType = sourcecode.c.objc; name = HTWPageContentViewController.m; path = PageViewFirstLaunch/HTWPageContentViewController.m; sourceTree = "<group>"; };
		E6B771E4191C36E200E9A2A5 /* HTWPageViewController.h */ = {isa = PBXFileReference; fileEncoding = 4; lastKnownFileType = sourcecode.c.h; name = HTWPageViewController.h; path = PageViewFirstLaunch/HTWPageViewController.h; sourceTree = "<group>"; };
		E6B771E5191C36E200E9A2A5 /* HTWPageViewController.m */ = {isa = PBXFileReference; fileEncoding = 4; lastKnownFileType = sourcecode.c.objc; name = HTWPageViewController.m; path = PageViewFirstLaunch/HTWPageViewController.m; sourceTree = "<group>"; };
		E6B771E9191C370200E9A2A5 /* page1.png */ = {isa = PBXFileReference; lastKnownFileType = image.png; name = page1.png; path = PageViewFirstLaunch/Bilder/page1.png; sourceTree = "<group>"; };
		E6B771EA191C370200E9A2A5 /* page2.png */ = {isa = PBXFileReference; lastKnownFileType = image.png; name = page2.png; path = PageViewFirstLaunch/Bilder/page2.png; sourceTree = "<group>"; };
		E6B771EB191C370200E9A2A5 /* page3.png */ = {isa = PBXFileReference; lastKnownFileType = image.png; name = page3.png; path = PageViewFirstLaunch/Bilder/page3.png; sourceTree = "<group>"; };
		E6B771EC191C370200E9A2A5 /* page4.png */ = {isa = PBXFileReference; lastKnownFileType = image.png; name = page4.png; path = PageViewFirstLaunch/Bilder/page4.png; sourceTree = "<group>"; };
		E6B771ED191C370200E9A2A5 /* page5.png */ = {isa = PBXFileReference; lastKnownFileType = image.png; name = page5.png; path = PageViewFirstLaunch/Bilder/page5.png; sourceTree = "<group>"; };
		E6B771EE191C370200E9A2A5 /* page6.png */ = {isa = PBXFileReference; lastKnownFileType = image.png; name = page6.png; path = PageViewFirstLaunch/Bilder/page6.png; sourceTree = "<group>"; };
		E6D2E56E190FF55C00DCD9EF /* HTWCSVExport.h */ = {isa = PBXFileReference; fileEncoding = 4; lastKnownFileType = sourcecode.c.h; name = HTWCSVExport.h; path = Stundenplan/Export/HTWCSVExport.h; sourceTree = "<group>"; };
		E6D2E56F190FF55C00DCD9EF /* HTWCSVExport.m */ = {isa = PBXFileReference; fileEncoding = 4; lastKnownFileType = sourcecode.c.objc; name = HTWCSVExport.m; path = Stundenplan/Export/HTWCSVExport.m; sourceTree = "<group>"; };
		E6D2E571190FF60400DCD9EF /* HTWICSExport.h */ = {isa = PBXFileReference; fileEncoding = 4; lastKnownFileType = sourcecode.c.h; name = HTWICSExport.h; path = Stundenplan/Export/HTWICSExport.h; sourceTree = "<group>"; };
		E6D2E572190FF60400DCD9EF /* HTWICSExport.m */ = {isa = PBXFileReference; fileEncoding = 4; lastKnownFileType = sourcecode.c.objc; name = HTWICSExport.m; path = Stundenplan/Export/HTWICSExport.m; sourceTree = "<group>"; };
		E6D6A8B6191BA1A300FD75F0 /* HTWMatrikelnummernEditTableViewController.h */ = {isa = PBXFileReference; fileEncoding = 4; lastKnownFileType = sourcecode.c.h; name = HTWMatrikelnummernEditTableViewController.h; path = Stundenplan/Settings/HTWMatrikelnummernEditTableViewController.h; sourceTree = "<group>"; };
		E6D6A8B7191BA1A300FD75F0 /* HTWMatrikelnummernEditTableViewController.m */ = {isa = PBXFileReference; fileEncoding = 4; lastKnownFileType = sourcecode.c.objc; name = HTWMatrikelnummernEditTableViewController.m; path = Stundenplan/Settings/HTWMatrikelnummernEditTableViewController.m; sourceTree = "<group>"; };
		E6DF7E0519137F1200DDC69C /* HTWStundenplanSettingsTableViewController.h */ = {isa = PBXFileReference; fileEncoding = 4; lastKnownFileType = sourcecode.c.h; name = HTWStundenplanSettingsTableViewController.h; path = Stundenplan/Settings/HTWStundenplanSettingsTableViewController.h; sourceTree = "<group>"; };
		E6DF7E0619137F1200DDC69C /* HTWStundenplanSettingsTableViewController.m */ = {isa = PBXFileReference; fileEncoding = 4; lastKnownFileType = sourcecode.c.objc; name = HTWStundenplanSettingsTableViewController.m; path = Stundenplan/Settings/HTWStundenplanSettingsTableViewController.m; sourceTree = "<group>"; };
		E6E624AC19241800007AED51 /* HTWAlertNavigationController.h */ = {isa = PBXFileReference; fileEncoding = 4; lastKnownFileType = sourcecode.c.h; name = HTWAlertNavigationController.h; path = Classes/HTWAlertView/HTWAlertNavigationController.h; sourceTree = "<group>"; };
		E6E624AD19241800007AED51 /* HTWAlertNavigationController.m */ = {isa = PBXFileReference; fileEncoding = 4; lastKnownFileType = sourcecode.c.objc; name = HTWAlertNavigationController.m; path = Classes/HTWAlertView/HTWAlertNavigationController.m; sourceTree = "<group>"; };
		E6E624AE19241800007AED51 /* HTWAlertViewController.h */ = {isa = PBXFileReference; fileEncoding = 4; lastKnownFileType = sourcecode.c.h; name = HTWAlertViewController.h; path = Classes/HTWAlertView/HTWAlertViewController.h; sourceTree = "<group>"; };
		E6E624AF19241800007AED51 /* HTWAlertViewController.m */ = {isa = PBXFileReference; fileEncoding = 4; lastKnownFileType = sourcecode.c.objc; name = HTWAlertViewController.m; path = Classes/HTWAlertView/HTWAlertViewController.m; sourceTree = "<group>"; };
		E6EBD38D191A8E3000720962 /* HTWNotenSettingsTableViewController.h */ = {isa = PBXFileReference; fileEncoding = 4; lastKnownFileType = sourcecode.c.h; name = HTWNotenSettingsTableViewController.h; path = Noten/HTWNotenSettingsTableViewController.h; sourceTree = "<group>"; };
		E6EBD38E191A8E3000720962 /* HTWNotenSettingsTableViewController.m */ = {isa = PBXFileReference; fileEncoding = 4; lastKnownFileType = sourcecode.c.objc; name = HTWNotenSettingsTableViewController.m; path = Noten/HTWNotenSettingsTableViewController.m; sourceTree = "<group>"; };
		E6FE12A019093D6700D56D52 /* indicator-red.png */ = {isa = PBXFileReference; lastKnownFileType = image.png; name = "indicator-red.png"; path = "Stundenplan/Portait/indicator-red.png"; sourceTree = "<group>"; };
		E6FE12A31909881400D56D52 /* HTWRaumplanerTableViewController.h */ = {isa = PBXFileReference; fileEncoding = 4; lastKnownFileType = sourcecode.c.h; name = HTWRaumplanerTableViewController.h; path = Raumplaner/HTWRaumplanerTableViewController.h; sourceTree = "<group>"; };
		E6FE12A41909881400D56D52 /* HTWRaumplanerTableViewController.m */ = {isa = PBXFileReference; fileEncoding = 4; lastKnownFileType = sourcecode.c.objc; name = HTWRaumplanerTableViewController.m; path = Raumplaner/HTWRaumplanerTableViewController.m; sourceTree = "<group>"; };
		E6FE97F519183742004C6596 /* indicator.png */ = {isa = PBXFileReference; lastKnownFileType = image.png; path = indicator.png; sourceTree = "<group>"; };
/* End PBXFileReference section */

/* Begin PBXFrameworksBuildPhase section */
		E63772C01908146300DEE8AB /* Frameworks */ = {
			isa = PBXFrameworksBuildPhase;
			buildActionMask = 2147483647;
			files = (
				E63772C91908146300DEE8AB /* CoreGraphics.framework in Frameworks */,
				E63772CD1908146300DEE8AB /* CoreData.framework in Frameworks */,
				E63772CB1908146300DEE8AB /* UIKit.framework in Frameworks */,
				E63772C71908146300DEE8AB /* Foundation.framework in Frameworks */,
			);
			runOnlyForDeploymentPostprocessing = 0;
		};
		E63772E01908146300DEE8AB /* Frameworks */ = {
			isa = PBXFrameworksBuildPhase;
			buildActionMask = 2147483647;
			files = (
				E63772E51908146300DEE8AB /* XCTest.framework in Frameworks */,
				E63772E81908146300DEE8AB /* CoreData.framework in Frameworks */,
				E63772E71908146300DEE8AB /* UIKit.framework in Frameworks */,
				E63772E61908146300DEE8AB /* Foundation.framework in Frameworks */,
			);
			runOnlyForDeploymentPostprocessing = 0;
		};
/* End PBXFrameworksBuildPhase section */

/* Begin PBXGroup section */
		6D753A361917A84500C6BAA1 /* Pictures */ = {
			isa = PBXGroup;
			children = (
				E6642B1E191D15AF0003FF5A /* noimage.png */,
				6D753A771917F20800C6BAA1 /* hausvii.jpg */,
				6D753A751917F1D000C6BAA1 /* zittau.jpg */,
				6D753A371917A8C300C6BAA1 /* altemensa.jpg */,
				6D753A381917A8C300C6BAA1 /* biomensa-uboot.jpg */,
				6D753A391917A8C300C6BAA1 /* goerlitz.jpg */,
				6D753A3A1917A8C300C6BAA1 /* johannstadt.jpg */,
				6D753A3B1917A8C300C6BAA1 /* mensa-bruehl.jpg */,
				6D753A3C1917A8C300C6BAA1 /* mensa-kreuzgymnasium.jpg */,
				6D753A3D1917A8C300C6BAA1 /* mensa-siedepunkt.jpg */,
				6D753A3E1917A8C300C6BAA1 /* mensa-wueins.jpg */,
				6D753A3F1917A8C300C6BAA1 /* mensasport.jpg */,
				6D753A401917A8C300C6BAA1 /* mensologie.jpg */,
				6D753A411917A8C300C6BAA1 /* neuemensa.jpg */,
				6D753A421917A8C300C6BAA1 /* noavailablemensaimage.jpg */,
				6D753A431917A8C300C6BAA1 /* palucca.jpg */,
				6D753A441917A8C300C6BAA1 /* pillnitz.jpg */,
				6D753A451917A8C300C6BAA1 /* reichenbachstrasse.jpg */,
				6D753A461917A8C300C6BAA1 /* stimmgabel.jpg */,
				6D753A471917A8C300C6BAA1 /* tellerrandt.jpg */,
				6D753A481917A8C300C6BAA1 /* uboot.jpg */,
			);
			name = Pictures;
			sourceTree = "<group>";
		};
		6D753A5E1917C52800C6BAA1 /* Classes */ = {
			isa = PBXGroup;
			children = (
				E6E624AB192417F3007AED51 /* HTWAlert */,
				6D753A5F1917C54B00C6BAA1 /* HTWMensaSpeiseTableViewCell.h */,
				6D753A601917C54B00C6BAA1 /* HTWMensaSpeiseTableViewCell.m */,
				E61D88121908583C0033D543 /* HTWStundenplanButtonForLesson.h */,
				E61D88131908583C0033D543 /* HTWStundenplanButtonForLesson.m */,
			);
			name = Classes;
			sourceTree = "<group>";
		};
		6D753A621917C99900C6BAA1 /* Assets */ = {
			isa = PBXGroup;
			children = (
				6D753A661917C9B500C6BAA1 /* Fonts */,
				6D753A631917C9A600C6BAA1 /* mensen.json */,
			);
			name = Assets;
			sourceTree = "<group>";
		};
		6D753A661917C9B500C6BAA1 /* Fonts */ = {
			isa = PBXGroup;
			children = (
				6D753A671917C9B500C6BAA1 /* PT_Sans */,
			);
			name = Fonts;
			path = Assets/Fonts;
			sourceTree = "<group>";
		};
		6D753A671917C9B500C6BAA1 /* PT_Sans */ = {
			isa = PBXGroup;
			children = (
				6D753A681917C9B500C6BAA1 /* OFL.txt */,
				6D753A691917C9B500C6BAA1 /* PT_Sans-Web-Bold.ttf */,
				6D753A6A1917C9B500C6BAA1 /* PT_Sans-Web-BoldItalic.ttf */,
				6D753A6B1917C9B500C6BAA1 /* PT_Sans-Web-Italic.ttf */,
				6D753A6C1917C9B500C6BAA1 /* PT_Sans-Web-Regular.ttf */,
			);
			path = PT_Sans;
			sourceTree = "<group>";
		};
		6D94E995191521C900872FC8 /* Noten */ = {
			isa = PBXGroup;
			children = (
				6D94E9D8191524B300872FC8 /* notenViewController.h */,
				6D94E9D9191524B300872FC8 /* notenViewController.m */,
				6D94E9D6191524B300872FC8 /* notenStartseiteHTMLParser.h */,
				6D94E9D7191524B300872FC8 /* notenStartseiteHTMLParser.m */,
				6D94E9D4191524B300872FC8 /* notenDetailViewController.h */,
				6D94E9D5191524B300872FC8 /* notenDetailViewController.m */,
				E6EBD38D191A8E3000720962 /* HTWNotenSettingsTableViewController.h */,
				E6EBD38E191A8E3000720962 /* HTWNotenSettingsTableViewController.m */,
			);
			name = Noten;
			sourceTree = "<group>";
		};
		6D94E99F1915242D00872FC8 /* Vendor */ = {
			isa = PBXGroup;
			children = (
				6D94E9A01915243200872FC8 /* ElementParser */,
			);
			name = Vendor;
			sourceTree = "<group>";
		};
		6D94E9A01915243200872FC8 /* ElementParser */ = {
			isa = PBXGroup;
			children = (
				6D94EA1319152FDB00872FC8 /* CDataChunk.h */,
				6D94EA1419152FDB00872FC8 /* CDataChunk.m */,
				6D94EA1519152FDB00872FC8 /* Chunk.h */,
				6D94EA1619152FDB00872FC8 /* Chunk.m */,
				6D94EA1719152FDB00872FC8 /* CommentChunk.h */,
				6D94EA1819152FDB00872FC8 /* CommentChunk.m */,
				6D94EA1919152FDB00872FC8 /* CSSPartMatcher.h */,
				6D94EA1A19152FDB00872FC8 /* CSSPartMatcher.m */,
				6D94EA1B19152FDB00872FC8 /* CSSSelector.h */,
				6D94EA1C19152FDB00872FC8 /* CSSSelector.m */,
				6D94EA1D19152FDB00872FC8 /* CSSSelectorMatcher.h */,
				6D94EA1E19152FDB00872FC8 /* CSSSelectorMatcher.m */,
				6D94EA1F19152FDB00872FC8 /* CSSSelectorPart.h */,
				6D94EA2019152FDB00872FC8 /* CSSSelectorPart.m */,
				6D94EA2119152FDB00872FC8 /* DoctypeChunk.h */,
				6D94EA2219152FDB00872FC8 /* DoctypeChunk.m */,
				6D94EA2319152FDB00872FC8 /* DocumentRoot.h */,
				6D94EA2419152FDB00872FC8 /* DocumentRoot.m */,
				6D94EA2519152FDB00872FC8 /* Element.h */,
				6D94EA2619152FDB00872FC8 /* Element.m */,
				6D94EA2719152FDB00872FC8 /* ElementParser.h */,
				6D94EA2819152FDB00872FC8 /* ElementParser.m */,
				6D94EA2919152FDB00872FC8 /* EntityChunk.h */,
				6D94EA2A19152FDB00872FC8 /* EntityChunk.m */,
				6D94EA2B19152FDB00872FC8 /* NSString_HTML.h */,
				6D94EA2C19152FDB00872FC8 /* NSString_HTML.m */,
				6D94EA2D19152FDB00872FC8 /* ProcessingInstructionChunk.h */,
				6D94EA2E19152FDB00872FC8 /* ProcessingInstructionChunk.m */,
				6D94EA2F19152FDB00872FC8 /* TagChunk.h */,
				6D94EA3019152FDB00872FC8 /* TagChunk.m */,
				6D94EA3119152FDB00872FC8 /* TxtChunk.h */,
				6D94EA3219152FDB00872FC8 /* TxtChunk.m */,
				6D94EA3319152FDB00872FC8 /* URLParser.h */,
				6D94EA3419152FDB00872FC8 /* URLParser.m */,
			);
			name = ElementParser;
			sourceTree = "<group>";
		};
		6D94EA461915375800872FC8 /* Mensa */ = {
			isa = PBXGroup;
			children = (
				6D753A361917A84500C6BAA1 /* Pictures */,
				6D94EA491915377E00872FC8 /* mensaViewController.h */,
				6D94EA4A1915377E00872FC8 /* mensaViewController.m */,
				6D5B71261923AC340061CEA6 /* HTWMensaXMLParser.h */,
				6D5B71271923AC340061CEA6 /* HTWMensaXMLParser.m */,
				6D94EA471915377E00872FC8 /* MensaDetailViewController.h */,
				6D94EA481915377E00872FC8 /* MensaDetailViewController.m */,
				E6642B18191D0B260003FF5A /* HTWMensaDetailParser.h */,
				E6642B19191D0B260003FF5A /* HTWMensaDetailParser.m */,
				E6642B1B191D0B8E0003FF5A /* HTWMensaDetailTableViewController.h */,
				E6642B1C191D0B8E0003FF5A /* HTWMensaDetailTableViewController.m */,
			);
			name = Mensa;
			sourceTree = "<group>";
		};
		6D94EA501915378E00872FC8 /* Categories */ = {
			isa = PBXGroup;
			children = (
				6D94EA54191538E600872FC8 /* UIImage+Alpha.h */,
				6D94EA55191538E600872FC8 /* UIImage+Alpha.m */,
				6D94EA56191538E600872FC8 /* UIImage+RoundedCorner.h */,
				6D94EA57191538E600872FC8 /* UIImage+RoundedCorner.m */,
				6D94EA51191537BA00872FC8 /* UIImage+Resize.h */,
				6D94EA52191537BA00872FC8 /* UIImage+Resize.m */,
				6D753A5B1917BBED00C6BAA1 /* UIColor+HTW.h */,
				6D753A5C1917BBED00C6BAA1 /* UIColor+HTW.m */,
				6D753A721917CC1100C6BAA1 /* UIFont+HTW.h */,
				6D753A731917CC1100C6BAA1 /* UIFont+HTW.m */,
			);
			name = Categories;
			sourceTree = "<group>";
		};
		E61D87D819082D870033D543 /* Stundenplan */ = {
			isa = PBXGroup;
			children = (
				E61D87DA19082D970033D543 /* Portait */,
				E61D87DB19082D9D0033D543 /* Landscape */,
				E61D882419085B3E0033D543 /* Settings */,
				E61D87D919082D920033D543 /* Model */,
				E684DCDC190FD995005DE0B3 /* Export */,
			);
			name = Stundenplan;
			sourceTree = "<group>";
		};
		E61D87D919082D920033D543 /* Model */ = {
			isa = PBXGroup;
			children = (
				E61D87EB19082ED30033D543 /* HTWcampus.xcdatamodeld */,
				E67D252E191620F9009D7634 /* User.h */,
				E67D252F191620F9009D7634 /* User.m */,
				E67D2531191620FA009D7634 /* Stunde.h */,
				E67D2532191620FA009D7634 /* Stunde.m */,
				E61D87FC19082F2B0033D543 /* HTWStundenplanParser.h */,
				E61D87FD19082F2B0033D543 /* HTWStundenplanParser.m */,
				E62C4847191422DE00788651 /* HTWCSVConnection.h */,
				E62C4848191422DE00788651 /* HTWCSVConnection.m */,
				E62C4849191422DE00788651 /* HTWCSVParser.h */,
				E62C484A191422DE00788651 /* HTWCSVParser.m */,
			);
			name = Model;
			sourceTree = "<group>";
		};
		E61D87DA19082D970033D543 /* Portait */ = {
			isa = PBXGroup;
			children = (
				E61D880F190857F90033D543 /* HTWPortraitViewController.h */,
				E61D8810190857F90033D543 /* HTWPortraitViewController.m */,
				E61C4C7319193AA400560C91 /* HTWStundenplanEditDetailTableViewController.h */,
				E61C4C7419193AA400560C91 /* HTWStundenplanEditDetailTableViewController.m */,
				E61C34BB19198BE500EBEBDD /* HTWStundenplanAddTableViewController.h */,
				E61C34BC19198BE500EBEBDD /* HTWStundenplanAddTableViewController.m */,
				E61D882519085B4C0033D543 /* HTWDatePickViewController.h */,
				E61D882619085B4C0033D543 /* HTWDatePickViewController.m */,
				E6FE12A019093D6700D56D52 /* indicator-red.png */,
				E6FE97F519183742004C6596 /* indicator.png */,
			);
			name = Portait;
			sourceTree = "<group>";
		};
		E61D87DB19082D9D0033D543 /* Landscape */ = {
			isa = PBXGroup;
			children = (
				E61D881D190859180033D543 /* HTWLandscapeViewController.h */,
				E61D881E190859180033D543 /* HTWLandscapeViewController.m */,
				E61D887D1908705E0033D543 /* landscapeSegue.h */,
				E61D887E1908705E0033D543 /* landscapeSegue.m */,
			);
			name = Landscape;
			sourceTree = "<group>";
		};
		E61D882419085B3E0033D543 /* Settings */ = {
			isa = PBXGroup;
			children = (
				E6DF7E0519137F1200DDC69C /* HTWStundenplanSettingsTableViewController.h */,
				E6DF7E0619137F1200DDC69C /* HTWStundenplanSettingsTableViewController.m */,
				E61D882719085B4C0033D543 /* HTWMatrikelnummernTableViewController.h */,
				E61D882819085B4C0033D543 /* HTWMatrikelnummernTableViewController.m */,
				E6D6A8B6191BA1A300FD75F0 /* HTWMatrikelnummernEditTableViewController.h */,
				E6D6A8B7191BA1A300FD75F0 /* HTWMatrikelnummernEditTableViewController.m */,
				E61D882D19085B4C0033D543 /* HTWStundenplanSettingsUebersichtTableViewController.h */,
				E61D882E19085B4C0033D543 /* HTWStundenplanSettingsUebersichtTableViewController.m */,
				E61D882B19085B4C0033D543 /* HTWStundenplanSettingsUebersichtTableViewCell.h */,
				E61D882C19085B4C0033D543 /* HTWStundenplanSettingsUebersichtTableViewCell.m */,
				E61D883119085B4C0033D543 /* HTWSwitchInStundenplanSettingsUebersichtTableViewCell.h */,
				E61D883219085B4C0033D543 /* HTWSwitchInStundenplanSettingsUebersichtTableViewCell.m */,
			);
			name = Settings;
			sourceTree = "<group>";
		};
		E63772BA1908146300DEE8AB = {
			isa = PBXGroup;
			children = (
				E63772CE1908146300DEE8AB /* HTWcampus */,
				E63772EB1908146300DEE8AB /* HTWcampusTests */,
				E63772C51908146300DEE8AB /* Frameworks */,
				E63772C41908146300DEE8AB /* Products */,
			);
			sourceTree = "<group>";
		};
		E63772C41908146300DEE8AB /* Products */ = {
			isa = PBXGroup;
			children = (
				E63772C31908146300DEE8AB /* HTWcampus Debug.app */,
				E63772E31908146300DEE8AB /* HTWcampusTests.xctest */,
			);
			name = Products;
			sourceTree = "<group>";
		};
		E63772C51908146300DEE8AB /* Frameworks */ = {
			isa = PBXGroup;
			children = (
				E63772C61908146300DEE8AB /* Foundation.framework */,
				E63772C81908146300DEE8AB /* CoreGraphics.framework */,
				E63772CA1908146300DEE8AB /* UIKit.framework */,
				E63772CC1908146300DEE8AB /* CoreData.framework */,
				E63772E41908146300DEE8AB /* XCTest.framework */,
			);
			name = Frameworks;
			sourceTree = "<group>";
		};
		E63772CE1908146300DEE8AB /* HTWcampus */ = {
			isa = PBXGroup;
			children = (
				E6B771E1191C36D700E9A2A5 /* FirstLaunch */,
				6D7B451B1908150F00D99C9D /* main.storyboard */,
				E61B6A2B1923B7BE0050EB10 /* Images.xcassets */,
				6D753A621917C99900C6BAA1 /* Assets */,
				6D753A5E1917C52800C6BAA1 /* Classes */,
				6D94EA501915378E00872FC8 /* Categories */,
				6D94E99F1915242D00872FC8 /* Vendor */,
				E61D87D819082D870033D543 /* Stundenplan */,
				E6FE12A21909880500D56D52 /* Raumplaner */,
				6D94E995191521C900872FC8 /* Noten */,
				E6966E771921358500EFB998 /* Prüfungsplaner */,
				6D94EA461915375800872FC8 /* Mensa */,
				E63772CF1908146300DEE8AB /* Supporting Files */,
			);
			path = HTWcampus;
			sourceTree = "<group>";
		};
		E63772CF1908146300DEE8AB /* Supporting Files */ = {
			isa = PBXGroup;
			children = (
				E63772D71908146300DEE8AB /* HTWAppDelegate.h */,
				E63772D81908146300DEE8AB /* HTWAppDelegate.m */,
				E63772D01908146300DEE8AB /* HTWcampus-Info.plist */,
				E63772D11908146300DEE8AB /* InfoPlist.strings */,
				E63772D41908146300DEE8AB /* main.m */,
				E63772D61908146300DEE8AB /* HTWcampus-Prefix.pch */,
			);
			name = "Supporting Files";
			sourceTree = "<group>";
		};
		E63772EB1908146300DEE8AB /* HTWcampusTests */ = {
			isa = PBXGroup;
			children = (
				E63772F11908146300DEE8AB /* HTWcampusTests.m */,
				E63772EC1908146300DEE8AB /* Supporting Files */,
			);
			path = HTWcampusTests;
			sourceTree = "<group>";
		};
		E63772EC1908146300DEE8AB /* Supporting Files */ = {
			isa = PBXGroup;
			children = (
				E63772ED1908146300DEE8AB /* HTWcampusTests-Info.plist */,
				E63772EE1908146300DEE8AB /* InfoPlist.strings */,
			);
			name = "Supporting Files";
			sourceTree = "<group>";
		};
		E65737A419222AC100916A1A /* Test */ = {
			isa = PBXGroup;
			children = (
				E6379C73190D3FD1002AE150 /* HTWTestViewController.h */,
				E6379C74190D3FD1002AE150 /* HTWTestViewController.m */,
				E6379C6F190D3F34002AE150 /* HTWTabParser.h */,
				E6379C70190D3F34002AE150 /* HTWTabParser.m */,
			);
			name = Test;
			sourceTree = "<group>";
		};
		E65737A519222AC800916A1A /* Raumübersicht */ = {
			isa = PBXGroup;
			children = (
				E6FE12A31909881400D56D52 /* HTWRaumplanerTableViewController.h */,
				E6FE12A41909881400D56D52 /* HTWRaumplanerTableViewController.m */,
			);
			name = "Raumübersicht";
			sourceTree = "<group>";
		};
		E65737A619222AD200916A1A /* Model */ = {
			isa = PBXGroup;
			children = (
				E6379C6D190D3F34002AE150 /* HTWRaumParser.h */,
				E6379C6E190D3F34002AE150 /* HTWRaumParser.m */,
			);
			name = Model;
			sourceTree = "<group>";
		};
		E65737A719222AD800916A1A /* Alle Räume */ = {
			isa = PBXGroup;
			children = (
				E65737A819222AE600916A1A /* alleRaeume.txt */,
				E65737A919222AE600916A1A /* HTWAlleRaeumeTableViewController.h */,
				E65737AA19222AE600916A1A /* HTWAlleRaeumeTableViewController.m */,
			);
			name = "Alle Räume";
			sourceTree = "<group>";
		};
		E684DCDC190FD995005DE0B3 /* Export */ = {
			isa = PBXGroup;
			children = (
				E6D2E56E190FF55C00DCD9EF /* HTWCSVExport.h */,
				E6D2E56F190FF55C00DCD9EF /* HTWCSVExport.m */,
				E6D2E571190FF60400DCD9EF /* HTWICSExport.h */,
				E6D2E572190FF60400DCD9EF /* HTWICSExport.m */,
			);
			name = Export;
			sourceTree = "<group>";
		};
		E6966E771921358500EFB998 /* Prüfungsplaner */ = {
			isa = PBXGroup;
			children = (
				E6966E8B19214D9500EFB998 /* Prüfungen anzeigen */,
				E6966E8C19214DA000EFB998 /* Studiengruppe eingeben */,
				E6966E8A19214D8D00EFB998 /* Model */,
			);
			name = "Prüfungsplaner";
			sourceTree = "<group>";
		};
		E6966E8A19214D8D00EFB998 /* Model */ = {
			isa = PBXGroup;
			children = (
				E6966E781921359B00EFB998 /* HTWPruefungsParser.h */,
				E6966E791921359B00EFB998 /* HTWPruefungsParser.m */,
			);
			name = Model;
			sourceTree = "<group>";
		};
		E6966E8B19214D9500EFB998 /* Prüfungen anzeigen */ = {
			isa = PBXGroup;
			children = (
				E6966E7E19213ABC00EFB998 /* HTWPruefungsTableViewController.h */,
				E6966E7F19213ABC00EFB998 /* HTWPruefungsTableViewController.m */,
				E6966E811921473900EFB998 /* HTWPruefungsDetailTableViewController.h */,
				E6966E821921473900EFB998 /* HTWPruefungsDetailTableViewController.m */,
			);
			name = "Prüfungen anzeigen";
			sourceTree = "<group>";
		};
		E6966E8C19214DA000EFB998 /* Studiengruppe eingeben */ = {
			isa = PBXGroup;
			children = (
				E6966E8D19214DC300EFB998 /* HTWNeueStudiengruppe.h */,
				E6966E8E19214DC300EFB998 /* HTWNeueStudiengruppe.m */,
				E60BD347192173CA0018E3C2 /* HTWDozentEingebenTableViewController.h */,
				E60BD348192173CA0018E3C2 /* HTWDozentEingebenTableViewController.m */,
			);
			name = "Studiengruppe eingeben";
			sourceTree = "<group>";
		};
		E6B771E1191C36D700E9A2A5 /* FirstLaunch */ = {
			isa = PBXGroup;
			children = (
				E6B771E8191C36E600E9A2A5 /* Bilder */,
				E6B771E2191C36E200E9A2A5 /* HTWPageContentViewController.h */,
				E6B771E3191C36E200E9A2A5 /* HTWPageContentViewController.m */,
				E6B771E4191C36E200E9A2A5 /* HTWPageViewController.h */,
				E6B771E5191C36E200E9A2A5 /* HTWPageViewController.m */,
			);
			name = FirstLaunch;
			sourceTree = "<group>";
		};
		E6B771E8191C36E600E9A2A5 /* Bilder */ = {
			isa = PBXGroup;
			children = (
				E6B771E9191C370200E9A2A5 /* page1.png */,
				E6B771EA191C370200E9A2A5 /* page2.png */,
				E6B771EB191C370200E9A2A5 /* page3.png */,
				E6B771EC191C370200E9A2A5 /* page4.png */,
				E6B771ED191C370200E9A2A5 /* page5.png */,
				E6B771EE191C370200E9A2A5 /* page6.png */,
			);
			name = Bilder;
			sourceTree = "<group>";
		};
		E6E624AB192417F3007AED51 /* HTWAlert */ = {
			isa = PBXGroup;
			children = (
				E6E624AC19241800007AED51 /* HTWAlertNavigationController.h */,
				E6E624AD19241800007AED51 /* HTWAlertNavigationController.m */,
				E6E624AE19241800007AED51 /* HTWAlertViewController.h */,
				E6E624AF19241800007AED51 /* HTWAlertViewController.m */,
			);
			name = HTWAlert;
			sourceTree = "<group>";
		};
		E6FE12A21909880500D56D52 /* Raumplaner */ = {
			isa = PBXGroup;
			children = (
				E65737A519222AC800916A1A /* Raumübersicht */,
				E65737A719222AD800916A1A /* Alle Räume */,
				E65737A419222AC100916A1A /* Test */,
				E65737A619222AD200916A1A /* Model */,
			);
			name = Raumplaner;
			sourceTree = "<group>";
		};
/* End PBXGroup section */

/* Begin PBXNativeTarget section */
		E63772C21908146300DEE8AB /* HTWcampus */ = {
			isa = PBXNativeTarget;
			buildConfigurationList = E63772F51908146300DEE8AB /* Build configuration list for PBXNativeTarget "HTWcampus" */;
			buildPhases = (
				E63772BF1908146300DEE8AB /* Sources */,
				E63772C01908146300DEE8AB /* Frameworks */,
				E63772C11908146300DEE8AB /* Resources */,
			);
			buildRules = (
			);
			dependencies = (
			);
			name = HTWcampus;
			productName = HTWcampus;
			productReference = E63772C31908146300DEE8AB /* HTWcampus Debug.app */;
			productType = "com.apple.product-type.application";
		};
		E63772E21908146300DEE8AB /* HTWcampusTests */ = {
			isa = PBXNativeTarget;
			buildConfigurationList = E63772F81908146300DEE8AB /* Build configuration list for PBXNativeTarget "HTWcampusTests" */;
			buildPhases = (
				E63772DF1908146300DEE8AB /* Sources */,
				E63772E01908146300DEE8AB /* Frameworks */,
				E63772E11908146300DEE8AB /* Resources */,
			);
			buildRules = (
			);
			dependencies = (
				E63772EA1908146300DEE8AB /* PBXTargetDependency */,
			);
			name = HTWcampusTests;
			productName = HTWcampusTests;
			productReference = E63772E31908146300DEE8AB /* HTWcampusTests.xctest */;
			productType = "com.apple.product-type.bundle.unit-test";
		};
/* End PBXNativeTarget section */

/* Begin PBXProject section */
		E63772BB1908146300DEE8AB /* Project object */ = {
			isa = PBXProject;
			attributes = {
				CLASSPREFIX = HTW;
				LastUpgradeCheck = 0510;
				ORGANIZATIONNAME = "Benjamin Herzog";
				TargetAttributes = {
					E63772C21908146300DEE8AB = {
						DevelopmentTeam = 3E4PGPNR47;
					};
					E63772E21908146300DEE8AB = {
						TestTargetID = E63772C21908146300DEE8AB;
					};
				};
			};
			buildConfigurationList = E63772BE1908146300DEE8AB /* Build configuration list for PBXProject "HTWcampus" */;
			compatibilityVersion = "Xcode 3.2";
			developmentRegion = English;
			hasScannedForEncodings = 0;
			knownRegions = (
				en,
			);
			mainGroup = E63772BA1908146300DEE8AB;
			productRefGroup = E63772C41908146300DEE8AB /* Products */;
			projectDirPath = "";
			projectRoot = "";
			targets = (
				E63772C21908146300DEE8AB /* HTWcampus */,
				E63772E21908146300DEE8AB /* HTWcampusTests */,
			);
		};
/* End PBXProject section */

/* Begin PBXResourcesBuildPhase section */
		E63772C11908146300DEE8AB /* Resources */ = {
			isa = PBXResourcesBuildPhase;
			buildActionMask = 2147483647;
			files = (
				6D753A6E1917C9B500C6BAA1 /* PT_Sans-Web-Bold.ttf in Resources */,
				6D753A711917C9B500C6BAA1 /* PT_Sans-Web-Regular.ttf in Resources */,
				E6B771F0191C370200E9A2A5 /* page2.png in Resources */,
				E61B6A2C1923B7BE0050EB10 /* Images.xcassets in Resources */,
				6D753A5A1917A8C300C6BAA1 /* uboot.jpg in Resources */,
				6D753A4D1917A8C300C6BAA1 /* mensa-bruehl.jpg in Resources */,
				6D753A541917A8C300C6BAA1 /* noavailablemensaimage.jpg in Resources */,
				6D753A561917A8C300C6BAA1 /* pillnitz.jpg in Resources */,
				6D753A551917A8C300C6BAA1 /* palucca.jpg in Resources */,
				6D753A6F1917C9B500C6BAA1 /* PT_Sans-Web-BoldItalic.ttf in Resources */,
				E6B771F2191C370200E9A2A5 /* page4.png in Resources */,
				6D753A701917C9B500C6BAA1 /* PT_Sans-Web-Italic.ttf in Resources */,
				E65737AB19222AE600916A1A /* alleRaeume.txt in Resources */,
				E6B771EF191C370200E9A2A5 /* page1.png in Resources */,
				6D753A6D1917C9B500C6BAA1 /* OFL.txt in Resources */,
				E6B771F3191C370200E9A2A5 /* page5.png in Resources */,
				6D753A4C1917A8C300C6BAA1 /* johannstadt.jpg in Resources */,
				6D753A591917A8C300C6BAA1 /* tellerrandt.jpg in Resources */,
				6D753A521917A8C300C6BAA1 /* mensologie.jpg in Resources */,
				6D753A581917A8C300C6BAA1 /* stimmgabel.jpg in Resources */,
				6D753A4F1917A8C300C6BAA1 /* mensa-siedepunkt.jpg in Resources */,
				E6FE12A119093D6700D56D52 /* indicator-red.png in Resources */,
				6D753A4E1917A8C300C6BAA1 /* mensa-kreuzgymnasium.jpg in Resources */,
				6D753A4B1917A8C300C6BAA1 /* goerlitz.jpg in Resources */,
				6D753A781917F20800C6BAA1 /* hausvii.jpg in Resources */,
				E6B771F1191C370200E9A2A5 /* page3.png in Resources */,
				6D753A501917A8C300C6BAA1 /* mensa-wueins.jpg in Resources */,
				6D753A641917C9A600C6BAA1 /* mensen.json in Resources */,
				6D753A511917A8C300C6BAA1 /* mensasport.jpg in Resources */,
				E6642B1F191D15AF0003FF5A /* noimage.png in Resources */,
				6D753A761917F1D000C6BAA1 /* zittau.jpg in Resources */,
				E6B771F4191C370200E9A2A5 /* page6.png in Resources */,
				6D753A4A1917A8C300C6BAA1 /* biomensa-uboot.jpg in Resources */,
				E6FE97F619183742004C6596 /* indicator.png in Resources */,
				E63772D31908146300DEE8AB /* InfoPlist.strings in Resources */,
				6D753A531917A8C300C6BAA1 /* neuemensa.jpg in Resources */,
				6D753A491917A8C300C6BAA1 /* altemensa.jpg in Resources */,
				6D753A571917A8C300C6BAA1 /* reichenbachstrasse.jpg in Resources */,
				6D7B451C1908150F00D99C9D /* main.storyboard in Resources */,
			);
			runOnlyForDeploymentPostprocessing = 0;
		};
		E63772E11908146300DEE8AB /* Resources */ = {
			isa = PBXResourcesBuildPhase;
			buildActionMask = 2147483647;
			files = (
				E63772F01908146300DEE8AB /* InfoPlist.strings in Resources */,
			);
			runOnlyForDeploymentPostprocessing = 0;
		};
/* End PBXResourcesBuildPhase section */

/* Begin PBXSourcesBuildPhase section */
		E63772BF1908146300DEE8AB /* Sources */ = {
			isa = PBXSourcesBuildPhase;
			buildActionMask = 2147483647;
			files = (
				E67D2530191620F9009D7634 /* User.m in Sources */,
				E6B771E7191C36E200E9A2A5 /* HTWPageViewController.m in Sources */,
				6D94EA4019152FDB00872FC8 /* EntityChunk.m in Sources */,
				6D5B71281923AC340061CEA6 /* HTWMensaXMLParser.m in Sources */,
				6D94EA3A19152FDB00872FC8 /* CSSSelectorMatcher.m in Sources */,
				E6379C75190D3FD1002AE150 /* HTWTestViewController.m in Sources */,
				E6DF7E0719137F1200DDC69C /* HTWStundenplanSettingsTableViewController.m in Sources */,
				6D94EA4119152FDB00872FC8 /* NSString_HTML.m in Sources */,
				E6966E8F19214DC300EFB998 /* HTWNeueStudiengruppe.m in Sources */,
				E61D87F119082ED30033D543 /* HTWcampus.xcdatamodeld in Sources */,
				6D94EA4319152FDB00872FC8 /* TagChunk.m in Sources */,
				E65737AC19222AE600916A1A /* HTWAlleRaeumeTableViewController.m in Sources */,
				E62C484C191422DE00788651 /* HTWCSVParser.m in Sources */,
				6D94EA59191538E600872FC8 /* UIImage+RoundedCorner.m in Sources */,
				E63772D91908146300DEE8AB /* HTWAppDelegate.m in Sources */,
				6D94EA4D1915377E00872FC8 /* MensaDetailViewController.m in Sources */,
				E61D883719085B4C0033D543 /* HTWStundenplanSettingsUebersichtTableViewController.m in Sources */,
				E6D6A8B8191BA1A300FD75F0 /* HTWMatrikelnummernEditTableViewController.m in Sources */,
				E61D883319085B4C0033D543 /* HTWDatePickViewController.m in Sources */,
				E6D2E570190FF55C00DCD9EF /* HTWCSVExport.m in Sources */,
				6D94EA3819152FDB00872FC8 /* CSSPartMatcher.m in Sources */,
				6D753A741917CC1100C6BAA1 /* UIFont+HTW.m in Sources */,
				E6B771E6191C36E200E9A2A5 /* HTWPageContentViewController.m in Sources */,
				E61D883619085B4C0033D543 /* HTWStundenplanSettingsUebersichtTableViewCell.m in Sources */,
				6D753A611917C54B00C6BAA1 /* HTWMensaSpeiseTableViewCell.m in Sources */,
				6D94E9DA191524B300872FC8 /* notenDetailViewController.m in Sources */,
				6D94EA3B19152FDB00872FC8 /* CSSSelectorPart.m in Sources */,
				6D94EA3519152FDB00872FC8 /* CDataChunk.m in Sources */,
				E6EBD38F191A8E3000720962 /* HTWNotenSettingsTableViewController.m in Sources */,
				6D94EA3619152FDB00872FC8 /* Chunk.m in Sources */,
				E6642B1A191D0B260003FF5A /* HTWMensaDetailParser.m in Sources */,
				6D94E9DC191524B300872FC8 /* notenViewController.m in Sources */,
				E6642B1D191D0B8F0003FF5A /* HTWMensaDetailTableViewController.m in Sources */,
				6D94EA3F19152FDB00872FC8 /* ElementParser.m in Sources */,
				E61D8820190859180033D543 /* HTWLandscapeViewController.m in Sources */,
				6D94EA4219152FDB00872FC8 /* ProcessingInstructionChunk.m in Sources */,
				6D94EA3E19152FDB00872FC8 /* Element.m in Sources */,
				6D94EA3919152FDB00872FC8 /* CSSSelector.m in Sources */,
				E61D883919085B4C0033D543 /* HTWSwitchInStundenplanSettingsUebersichtTableViewCell.m in Sources */,
				6D94EA4419152FDB00872FC8 /* TxtChunk.m in Sources */,
				E6379C72190D3F34002AE150 /* HTWTabParser.m in Sources */,
				E61D88141908583C0033D543 /* HTWStundenplanButtonForLesson.m in Sources */,
				6D94E9DB191524B300872FC8 /* notenStartseiteHTMLParser.m in Sources */,
				6D94EA3719152FDB00872FC8 /* CommentChunk.m in Sources */,
				E61C34BD19198BE500EBEBDD /* HTWStundenplanAddTableViewController.m in Sources */,
				6D753A5D1917BBED00C6BAA1 /* UIColor+HTW.m in Sources */,
				E6966E7C1921359B00EFB998 /* HTWPruefungsParser.m in Sources */,
				6D94EA4E1915377E00872FC8 /* mensaViewController.m in Sources */,
				E6966E831921473900EFB998 /* HTWPruefungsDetailTableViewController.m in Sources */,
				E61D8811190857F90033D543 /* HTWPortraitViewController.m in Sources */,
				6D94EA58191538E600872FC8 /* UIImage+Alpha.m in Sources */,
				E63772D51908146300DEE8AB /* main.m in Sources */,
				E61D87FF19082F2B0033D543 /* HTWStundenplanParser.m in Sources */,
				E62C484B191422DE00788651 /* HTWCSVConnection.m in Sources */,
				E67D2533191620FA009D7634 /* Stunde.m in Sources */,
				6D94EA4519152FDB00872FC8 /* URLParser.m in Sources */,
				E6E624B019241800007AED51 /* HTWAlertNavigationController.m in Sources */,
				E61C4C7519193AA400560C91 /* HTWStundenplanEditDetailTableViewController.m in Sources */,
				E6E624B119241800007AED51 /* HTWAlertViewController.m in Sources */,
				E60BD349192173CA0018E3C2 /* HTWDozentEingebenTableViewController.m in Sources */,
				E61D887F1908705E0033D543 /* landscapeSegue.m in Sources */,
				E6379C71190D3F34002AE150 /* HTWRaumParser.m in Sources */,
				E61D883419085B4C0033D543 /* HTWMatrikelnummernTableViewController.m in Sources */,
				E6D2E573190FF60400DCD9EF /* HTWICSExport.m in Sources */,
				6D94EA3C19152FDB00872FC8 /* DoctypeChunk.m in Sources */,
				6D94EA3D19152FDB00872FC8 /* DocumentRoot.m in Sources */,
				E6FE12A51909881400D56D52 /* HTWRaumplanerTableViewController.m in Sources */,
				6D94EA53191537BA00872FC8 /* UIImage+Resize.m in Sources */,
				E6966E8019213ABC00EFB998 /* HTWPruefungsTableViewController.m in Sources */,
			);
			runOnlyForDeploymentPostprocessing = 0;
		};
		E63772DF1908146300DEE8AB /* Sources */ = {
			isa = PBXSourcesBuildPhase;
			buildActionMask = 2147483647;
			files = (
				E63772F21908146300DEE8AB /* HTWcampusTests.m in Sources */,
			);
			runOnlyForDeploymentPostprocessing = 0;
		};
/* End PBXSourcesBuildPhase section */

/* Begin PBXTargetDependency section */
		E63772EA1908146300DEE8AB /* PBXTargetDependency */ = {
			isa = PBXTargetDependency;
			target = E63772C21908146300DEE8AB /* HTWcampus */;
			targetProxy = E63772E91908146300DEE8AB /* PBXContainerItemProxy */;
		};
/* End PBXTargetDependency section */

/* Begin PBXVariantGroup section */
		E63772D11908146300DEE8AB /* InfoPlist.strings */ = {
			isa = PBXVariantGroup;
			children = (
				E63772D21908146300DEE8AB /* en */,
			);
			name = InfoPlist.strings;
			sourceTree = "<group>";
		};
		E63772EE1908146300DEE8AB /* InfoPlist.strings */ = {
			isa = PBXVariantGroup;
			children = (
				E63772EF1908146300DEE8AB /* en */,
			);
			name = InfoPlist.strings;
			sourceTree = "<group>";
		};
/* End PBXVariantGroup section */

/* Begin XCBuildConfiguration section */
		E63772F31908146300DEE8AB /* Debug */ = {
			isa = XCBuildConfiguration;
			buildSettings = {
				ALWAYS_SEARCH_USER_PATHS = NO;
				CLANG_CXX_LANGUAGE_STANDARD = "gnu++0x";
				CLANG_CXX_LIBRARY = "libc++";
				CLANG_ENABLE_MODULES = YES;
				CLANG_ENABLE_OBJC_ARC = YES;
				CLANG_WARN_BOOL_CONVERSION = YES;
				CLANG_WARN_CONSTANT_CONVERSION = YES;
				CLANG_WARN_DIRECT_OBJC_ISA_USAGE = YES_ERROR;
				CLANG_WARN_EMPTY_BODY = YES;
				CLANG_WARN_ENUM_CONVERSION = YES;
				CLANG_WARN_INT_CONVERSION = YES;
				CLANG_WARN_OBJC_ROOT_CLASS = YES_ERROR;
				CLANG_WARN__DUPLICATE_METHOD_MATCH = YES;
				"CODE_SIGN_IDENTITY[sdk=iphoneos*]" = "iPhone Developer";
				COPY_PHASE_STRIP = NO;
				GCC_C_LANGUAGE_STANDARD = gnu99;
				GCC_DYNAMIC_NO_PIC = NO;
				GCC_OPTIMIZATION_LEVEL = 0;
				GCC_PREPROCESSOR_DEFINITIONS = (
					"DEBUG=1",
					"$(inherited)",
				);
				GCC_SYMBOLS_PRIVATE_EXTERN = NO;
				GCC_WARN_64_TO_32_BIT_CONVERSION = YES;
				GCC_WARN_ABOUT_RETURN_TYPE = YES_ERROR;
				GCC_WARN_UNDECLARED_SELECTOR = YES;
				GCC_WARN_UNINITIALIZED_AUTOS = YES_AGGRESSIVE;
				GCC_WARN_UNUSED_FUNCTION = YES;
				GCC_WARN_UNUSED_VARIABLE = YES;
				IPHONEOS_DEPLOYMENT_TARGET = 7.1;
				ONLY_ACTIVE_ARCH = YES;
				SDKROOT = iphoneos;
			};
			name = Debug;
		};
		E63772F41908146300DEE8AB /* Release */ = {
			isa = XCBuildConfiguration;
			buildSettings = {
				ALWAYS_SEARCH_USER_PATHS = NO;
				CLANG_CXX_LANGUAGE_STANDARD = "gnu++0x";
				CLANG_CXX_LIBRARY = "libc++";
				CLANG_ENABLE_MODULES = YES;
				CLANG_ENABLE_OBJC_ARC = YES;
				CLANG_WARN_BOOL_CONVERSION = YES;
				CLANG_WARN_CONSTANT_CONVERSION = YES;
				CLANG_WARN_DIRECT_OBJC_ISA_USAGE = YES_ERROR;
				CLANG_WARN_EMPTY_BODY = YES;
				CLANG_WARN_ENUM_CONVERSION = YES;
				CLANG_WARN_INT_CONVERSION = YES;
				CLANG_WARN_OBJC_ROOT_CLASS = YES_ERROR;
				CLANG_WARN__DUPLICATE_METHOD_MATCH = YES;
				"CODE_SIGN_IDENTITY[sdk=iphoneos*]" = "iPhone Developer";
				COPY_PHASE_STRIP = YES;
				ENABLE_NS_ASSERTIONS = NO;
				GCC_C_LANGUAGE_STANDARD = gnu99;
				GCC_WARN_64_TO_32_BIT_CONVERSION = YES;
				GCC_WARN_ABOUT_RETURN_TYPE = YES_ERROR;
				GCC_WARN_UNDECLARED_SELECTOR = YES;
				GCC_WARN_UNINITIALIZED_AUTOS = YES_AGGRESSIVE;
				GCC_WARN_UNUSED_FUNCTION = YES;
				GCC_WARN_UNUSED_VARIABLE = YES;
				IPHONEOS_DEPLOYMENT_TARGET = 7.1;
				SDKROOT = iphoneos;
				VALIDATE_PRODUCT = YES;
			};
			name = Release;
		};
		E63772F61908146300DEE8AB /* Debug */ = {
			isa = XCBuildConfiguration;
			buildSettings = {
				ASSETCATALOG_COMPILER_APPICON_NAME = AppIcon;
				ASSETCATALOG_COMPILER_LAUNCHIMAGE_NAME = LaunchImage;
				CLANG_ENABLE_OBJC_ARC = YES;
				CODE_SIGN_IDENTITY = "iPhone Developer";
				"CODE_SIGN_IDENTITY[sdk=iphoneos*]" = "iPhone Developer";
				GCC_PRECOMPILE_PREFIX_HEADER = YES;
				GCC_PREFIX_HEADER = "HTWcampus/HTWcampus-Prefix.pch";
				INFOPLIST_FILE = "HTWcampus/HTWcampus-Info.plist";
				IPHONEOS_DEPLOYMENT_TARGET = 7.0;
				PRODUCT_NAME = "$(TARGET_NAME) Debug";
				PROVISIONING_PROFILE = "";
				WRAPPER_EXTENSION = app;
			};
			name = Debug;
		};
		E63772F71908146300DEE8AB /* Release */ = {
			isa = XCBuildConfiguration;
			buildSettings = {
				ASSETCATALOG_COMPILER_APPICON_NAME = AppIcon;
				ASSETCATALOG_COMPILER_LAUNCHIMAGE_NAME = LaunchImage;
				CLANG_ENABLE_OBJC_ARC = YES;
				CODE_SIGN_IDENTITY = "iPhone Developer";
				"CODE_SIGN_IDENTITY[sdk=iphoneos*]" = "iPhone Developer";
				GCC_PRECOMPILE_PREFIX_HEADER = YES;
				GCC_PREFIX_HEADER = "HTWcampus/HTWcampus-Prefix.pch";
				INFOPLIST_FILE = "HTWcampus/HTWcampus-Info.plist";
				IPHONEOS_DEPLOYMENT_TARGET = 7.0;
				PRODUCT_NAME = "$(TARGET_NAME)";
				PROVISIONING_PROFILE = "";
				WRAPPER_EXTENSION = app;
			};
			name = Release;
		};
		E63772F91908146300DEE8AB /* Debug */ = {
			isa = XCBuildConfiguration;
			buildSettings = {
				BUNDLE_LOADER = "$(BUILT_PRODUCTS_DIR)/HTWcampus.app/HTWcampus";
				CLANG_ENABLE_OBJC_ARC = YES;
				FRAMEWORK_SEARCH_PATHS = (
					"$(SDKROOT)/Developer/Library/Frameworks",
					"$(inherited)",
					"$(DEVELOPER_FRAMEWORKS_DIR)",
				);
				GCC_PRECOMPILE_PREFIX_HEADER = YES;
				GCC_PREFIX_HEADER = "HTWcampus/HTWcampus-Prefix.pch";
				GCC_PREPROCESSOR_DEFINITIONS = (
					"DEBUG=1",
					"$(inherited)",
				);
				INFOPLIST_FILE = "HTWcampusTests/HTWcampusTests-Info.plist";
				PRODUCT_NAME = "$(TARGET_NAME)";
				TEST_HOST = "$(BUNDLE_LOADER)";
				WRAPPER_EXTENSION = xctest;
			};
			name = Debug;
		};
		E63772FA1908146300DEE8AB /* Release */ = {
			isa = XCBuildConfiguration;
			buildSettings = {
				BUNDLE_LOADER = "$(BUILT_PRODUCTS_DIR)/HTWcampus.app/HTWcampus";
				CLANG_ENABLE_OBJC_ARC = YES;
				FRAMEWORK_SEARCH_PATHS = (
					"$(SDKROOT)/Developer/Library/Frameworks",
					"$(inherited)",
					"$(DEVELOPER_FRAMEWORKS_DIR)",
				);
				GCC_PRECOMPILE_PREFIX_HEADER = YES;
				GCC_PREFIX_HEADER = "HTWcampus/HTWcampus-Prefix.pch";
				INFOPLIST_FILE = "HTWcampusTests/HTWcampusTests-Info.plist";
				PRODUCT_NAME = "$(TARGET_NAME)";
				TEST_HOST = "$(BUNDLE_LOADER)";
				WRAPPER_EXTENSION = xctest;
			};
			name = Release;
		};
/* End XCBuildConfiguration section */

/* Begin XCConfigurationList section */
		E63772BE1908146300DEE8AB /* Build configuration list for PBXProject "HTWcampus" */ = {
			isa = XCConfigurationList;
			buildConfigurations = (
				E63772F31908146300DEE8AB /* Debug */,
				E63772F41908146300DEE8AB /* Release */,
			);
			defaultConfigurationIsVisible = 0;
			defaultConfigurationName = Release;
		};
		E63772F51908146300DEE8AB /* Build configuration list for PBXNativeTarget "HTWcampus" */ = {
			isa = XCConfigurationList;
			buildConfigurations = (
				E63772F61908146300DEE8AB /* Debug */,
				E63772F71908146300DEE8AB /* Release */,
			);
			defaultConfigurationIsVisible = 0;
			defaultConfigurationName = Release;
		};
		E63772F81908146300DEE8AB /* Build configuration list for PBXNativeTarget "HTWcampusTests" */ = {
			isa = XCConfigurationList;
			buildConfigurations = (
				E63772F91908146300DEE8AB /* Debug */,
				E63772FA1908146300DEE8AB /* Release */,
			);
			defaultConfigurationIsVisible = 0;
			defaultConfigurationName = Release;
		};
/* End XCConfigurationList section */

/* Begin XCVersionGroup section */
		E61D87EB19082ED30033D543 /* HTWcampus.xcdatamodeld */ = {
			isa = XCVersionGroup;
			children = (
				E61D87EC19082ED30033D543 /* HTWcampus.xcdatamodel */,
			);
			currentVersion = E61D87EC19082ED30033D543 /* HTWcampus.xcdatamodel */;
			name = HTWcampus.xcdatamodeld;
			path = Stundenplan/Model/HTWcampus.xcdatamodeld;
			sourceTree = "<group>";
			versionGroupType = wrapper.xcdatamodel;
		};
/* End XCVersionGroup section */
	};
	rootObject = E63772BB1908146300DEE8AB /* Project object */;
}
